{
  "object": {
    "pins": [
      {
        "package": "Alamofire",
        "repositoryURL": "https://github.com/Alamofire/Alamofire.git",
        "state": {
          "branch": null,
          "revision": "fca036f7aeca07124067cb6e0c12b0ad6359e3d4",
          "version": "5.1.0"
        }
      },
      {
        "package": "KeychainSwift",
        "repositoryURL": "https://github.com/evgenyneu/keychain-swift.git",
        "state": {
          "branch": null,
          "revision": "96fb84f45a96630e7583903bd7e08cf095c7a7ef",
          "version": "19.0.0"
        }
      },
      {
        "package": "SDWebImage",
        "repositoryURL": "https://github.com/SDWebImage/SDWebImage.git",
        "state": {
          "branch": null,
          "revision": "39370d1af85734dffe0e3f89b389976da461be3f",
          "version": "5.7.3"
        }
      },
      {
        "package": "SDWebImageSwiftUI",
        "repositoryURL": "https://github.com/SDWebImage/SDWebImageSwiftUI.git",
        "state": {
          "branch": null,
          "revision": "82ae39a3919afa3d45ce1acd48048d5fa9d5e566",
          "version": "1.3.4"
        }
      }
    ]
  },
  "version": 1
}
