// !$*UTF8*$!
{
	archiveVersion = 1;
	classes = {
	};
	objectVersion = 50;
	objects = {

/* Begin PBXBuildFile section */
		96E78B7C245CAC270032F4E3 /* AppDelegate.swift in Sources */ = {isa = PBXBuildFile; fileRef = 96E78B7B245CAC270032F4E3 /* AppDelegate.swift */; };
		96E78B7E245CAC270032F4E3 /* SceneDelegate.swift in Sources */ = {isa = PBXBuildFile; fileRef = 96E78B7D245CAC270032F4E3 /* SceneDelegate.swift */; };
		96E78B80245CAC270032F4E3 /* ContentView.swift in Sources */ = {isa = PBXBuildFile; fileRef = 96E78B7F245CAC270032F4E3 /* ContentView.swift */; };
		96E78B82245CAC290032F4E3 /* Assets.xcassets in Resources */ = {isa = PBXBuildFile; fileRef = 96E78B81245CAC290032F4E3 /* Assets.xcassets */; };
		96E78B85245CAC290032F4E3 /* Preview Assets.xcassets in Resources */ = {isa = PBXBuildFile; fileRef = 96E78B84245CAC290032F4E3 /* Preview Assets.xcassets */; };
		96E78B88245CAC290032F4E3 /* LaunchScreen.storyboard in Resources */ = {isa = PBXBuildFile; fileRef = 96E78B86245CAC290032F4E3 /* LaunchScreen.storyboard */; };
/* End PBXBuildFile section */

/* Begin PBXFileReference section */
		96E78B78245CAC270032F4E3 /* BrickSet.app */ = {isa = PBXFileReference; explicitFileType = wrapper.application; includeInIndex = 0; path = BrickSet.app; sourceTree = BUILT_PRODUCTS_DIR; };
		96E78B7B245CAC270032F4E3 /* AppDelegate.swift */ = {isa = PBXFileReference; lastKnownFileType = sourcecode.swift; path = AppDelegate.swift; sourceTree = "<group>"; };
		96E78B7D245CAC270032F4E3 /* SceneDelegate.swift */ = {isa = PBXFileReference; lastKnownFileType = sourcecode.swift; path = SceneDelegate.swift; sourceTree = "<group>"; };
		96E78B7F245CAC270032F4E3 /* ContentView.swift */ = {isa = PBXFileReference; lastKnownFileType = sourcecode.swift; path = ContentView.swift; sourceTree = "<group>"; };
		96E78B81245CAC290032F4E3 /* Assets.xcassets */ = {isa = PBXFileReference; lastKnownFileType = folder.assetcatalog; path = Assets.xcassets; sourceTree = "<group>"; };
		96E78B84245CAC290032F4E3 /* Preview Assets.xcassets */ = {isa = PBXFileReference; lastKnownFileType = folder.assetcatalog; path = "Preview Assets.xcassets"; sourceTree = "<group>"; };
		96E78B87245CAC290032F4E3 /* Base */ = {isa = PBXFileReference; lastKnownFileType = file.storyboard; name = Base; path = Base.lproj/LaunchScreen.storyboard; sourceTree = "<group>"; };
		96E78B89245CAC290032F4E3 /* Info.plist */ = {isa = PBXFileReference; lastKnownFileType = text.plist.xml; path = Info.plist; sourceTree = "<group>"; };
/* End PBXFileReference section */

/* Begin PBXFrameworksBuildPhase section */
		96E78B75245CAC270032F4E3 /* Frameworks */ = {
			isa = PBXFrameworksBuildPhase;
			buildActionMask = 2147483647;
			files = (
			);
			runOnlyForDeploymentPostprocessing = 0;
		};
/* End PBXFrameworksBuildPhase section */

/* Begin PBXGroup section */
		96E78B6F245CAC270032F4E3 = {
			isa = PBXGroup;
			children = (
				96E78B7A245CAC270032F4E3 /* BrickSet */,
				96E78B79245CAC270032F4E3 /* Products */,
			);
			sourceTree = "<group>";
		};
		96E78B79245CAC270032F4E3 /* Products */ = {
			isa = PBXGroup;
			children = (
				96E78B78245CAC270032F4E3 /* BrickSet.app */,
			);
			name = Products;
			sourceTree = "<group>";
		};
		96E78B7A245CAC270032F4E3 /* BrickSet */ = {
			isa = PBXGroup;
			children = (
				96E78B7B245CAC270032F4E3 /* AppDelegate.swift */,
				96E78B7D245CAC270032F4E3 /* SceneDelegate.swift */,
				96E78B7F245CAC270032F4E3 /* ContentView.swift */,
				96E78B81245CAC290032F4E3 /* Assets.xcassets */,
				96E78B86245CAC290032F4E3 /* LaunchScreen.storyboard */,
				96E78B89245CAC290032F4E3 /* Info.plist */,
				96E78B83245CAC290032F4E3 /* Preview Content */,
			);
			path = BrickSet;
			sourceTree = "<group>";
		};
		96E78B83245CAC290032F4E3 /* Preview Content */ = {
			isa = PBXGroup;
			children = (
				96E78B84245CAC290032F4E3 /* Preview Assets.xcassets */,
			);
			path = "Preview Content";
			sourceTree = "<group>";
		};
/* End PBXGroup section */

/* Begin PBXNativeTarget section */
		96E78B77245CAC270032F4E3 /* BrickSet */ = {
			isa = PBXNativeTarget;
			buildConfigurationList = 96E78B8C245CAC290032F4E3 /* Build configuration list for PBXNativeTarget "BrickSet" */;
			buildPhases = (
				96E78B74245CAC270032F4E3 /* Sources */,
				96E78B75245CAC270032F4E3 /* Frameworks */,
				96E78B76245CAC270032F4E3 /* Resources */,
			);
			buildRules = (
			);
			dependencies = (
			);
			name = BrickSet;
			productName = BrickSet;
			productReference = 96E78B78245CAC270032F4E3 /* BrickSet.app */;
			productType = "com.apple.product-type.application";
		};
/* End PBXNativeTarget section */

/* Begin PBXProject section */
		96E78B70245CAC270032F4E3 /* Project object */ = {
			isa = PBXProject;
			attributes = {
				LastSwiftUpdateCheck = 1140;
				LastUpgradeCheck = 1140;
				ORGANIZATIONNAME = LEOLELEGO;
				TargetAttributes = {
					96E78B77245CAC270032F4E3 = {
						CreatedOnToolsVersion = 11.4.1;
					};
				};
			};
			buildConfigurationList = 96E78B73245CAC270032F4E3 /* Build configuration list for PBXProject "BrickSet" */;
			compatibilityVersion = "Xcode 9.3";
			developmentRegion = en;
			hasScannedForEncodings = 0;
			knownRegions = (
				en,
				Base,
			);
			mainGroup = 96E78B6F245CAC270032F4E3;
			productRefGroup = 96E78B79245CAC270032F4E3 /* Products */;
			projectDirPath = "";
			projectRoot = "";
			targets = (
				96E78B77245CAC270032F4E3 /* BrickSet */,
			);
		};
/* End PBXProject section */

/* Begin PBXResourcesBuildPhase section */
		96E78B76245CAC270032F4E3 /* Resources */ = {
			isa = PBXResourcesBuildPhase;
			buildActionMask = 2147483647;
			files = (
				96E78B88245CAC290032F4E3 /* LaunchScreen.storyboard in Resources */,
				96E78B85245CAC290032F4E3 /* Preview Assets.xcassets in Resources */,
				96E78B82245CAC290032F4E3 /* Assets.xcassets in Resources */,
			);
			runOnlyForDeploymentPostprocessing = 0;
		};
/* End PBXResourcesBuildPhase section */

/* Begin PBXSourcesBuildPhase section */
		96E78B74245CAC270032F4E3 /* Sources */ = {
			isa = PBXSourcesBuildPhase;
			buildActionMask = 2147483647;
			files = (
				96E78B7C245CAC270032F4E3 /* AppDelegate.swift in Sources */,
				96E78B7E245CAC270032F4E3 /* SceneDelegate.swift in Sources */,
				96E78B80245CAC270032F4E3 /* ContentView.swift in Sources */,
			);
			runOnlyForDeploymentPostprocessing = 0;
		};
/* End PBXSourcesBuildPhase section */

/* Begin PBXVariantGroup section */
		96E78B86245CAC290032F4E3 /* LaunchScreen.storyboard */ = {
			isa = PBXVariantGroup;
			children = (
				96E78B87245CAC290032F4E3 /* Base */,
			);
			name = LaunchScreen.storyboard;
			sourceTree = "<group>";
		};
/* End PBXVariantGroup section */

/* Begin XCBuildConfiguration section */
		96E78B8A245CAC290032F4E3 /* Debug */ = {
			isa = XCBuildConfiguration;
			buildSettings = {
				ALWAYS_SEARCH_USER_PATHS = NO;
				CLANG_ANALYZER_NONNULL = YES;
				CLANG_ANALYZER_NUMBER_OBJECT_CONVERSION = YES_AGGRESSIVE;
				CLANG_CXX_LANGUAGE_STANDARD = "gnu++14";
				CLANG_CXX_LIBRARY = "libc++";
				CLANG_ENABLE_MODULES = YES;
				CLANG_ENABLE_OBJC_ARC = YES;
				CLANG_ENABLE_OBJC_WEAK = YES;
				CLANG_WARN_BLOCK_CAPTURE_AUTORELEASING = YES;
				CLANG_WARN_BOOL_CONVERSION = YES;
				CLANG_WARN_COMMA = YES;
				CLANG_WARN_CONSTANT_CONVERSION = YES;
				CLANG_WARN_DEPRECATED_OBJC_IMPLEMENTATIONS = YES;
				CLANG_WARN_DIRECT_OBJC_ISA_USAGE = YES_ERROR;
				CLANG_WARN_DOCUMENTATION_COMMENTS = YES;
				CLANG_WARN_EMPTY_BODY = YES;
				CLANG_WARN_ENUM_CONVERSION = YES;
				CLANG_WARN_INFINITE_RECURSION = YES;
				CLANG_WARN_INT_CONVERSION = YES;
				CLANG_WARN_NON_LITERAL_NULL_CONVERSION = YES;
				CLANG_WARN_OBJC_IMPLICIT_RETAIN_SELF = YES;
				CLANG_WARN_OBJC_LITERAL_CONVERSION = YES;
				CLANG_WARN_OBJC_ROOT_CLASS = YES_ERROR;
				CLANG_WARN_RANGE_LOOP_ANALYSIS = YES;
				CLANG_WARN_STRICT_PROTOTYPES = YES;
				CLANG_WARN_SUSPICIOUS_MOVE = YES;
				CLANG_WARN_UNGUARDED_AVAILABILITY = YES_AGGRESSIVE;
				CLANG_WARN_UNREACHABLE_CODE = YES;
				CLANG_WARN__DUPLICATE_METHOD_MATCH = YES;
				COPY_PHASE_STRIP = NO;
				DEBUG_INFORMATION_FORMAT = dwarf;
				ENABLE_STRICT_OBJC_MSGSEND = YES;
				ENABLE_TESTABILITY = YES;
				GCC_C_LANGUAGE_STANDARD = gnu11;
				GCC_DYNAMIC_NO_PIC = NO;
				GCC_NO_COMMON_BLOCKS = YES;
				GCC_OPTIMIZATION_LEVEL = 0;
				GCC_PREPROCESSOR_DEFINITIONS = (
					"DEBUG=1",
					"$(inherited)",
				);
				GCC_WARN_64_TO_32_BIT_CONVERSION = YES;
				GCC_WARN_ABOUT_RETURN_TYPE = YES_ERROR;
				GCC_WARN_UNDECLARED_SELECTOR = YES;
				GCC_WARN_UNINITIALIZED_AUTOS = YES_AGGRESSIVE;
				GCC_WARN_UNUSED_FUNCTION = YES;
				GCC_WARN_UNUSED_VARIABLE = YES;
				IPHONEOS_DEPLOYMENT_TARGET = 13.4;
				MTL_ENABLE_DEBUG_INFO = INCLUDE_SOURCE;
				MTL_FAST_MATH = YES;
				ONLY_ACTIVE_ARCH = YES;
				SDKROOT = iphoneos;
				SWIFT_ACTIVE_COMPILATION_CONDITIONS = DEBUG;
				SWIFT_OPTIMIZATION_LEVEL = "-Onone";
			};
			name = Debug;
		};
		96E78B8B245CAC290032F4E3 /* Release */ = {
			isa = XCBuildConfiguration;
			buildSettings = {
				ALWAYS_SEARCH_USER_PATHS = NO;
				CLANG_ANALYZER_NONNULL = YES;
				CLANG_ANALYZER_NUMBER_OBJECT_CONVERSION = YES_AGGRESSIVE;
				CLANG_CXX_LANGUAGE_STANDARD = "gnu++14";
				CLANG_CXX_LIBRARY = "libc++";
				CLANG_ENABLE_MODULES = YES;
				CLANG_ENABLE_OBJC_ARC = YES;
				CLANG_ENABLE_OBJC_WEAK = YES;
				CLANG_WARN_BLOCK_CAPTURE_AUTORELEASING = YES;
				CLANG_WARN_BOOL_CONVERSION = YES;
				CLANG_WARN_COMMA = YES;
				CLANG_WARN_CONSTANT_CONVERSION = YES;
				CLANG_WARN_DEPRECATED_OBJC_IMPLEMENTATIONS = YES;
				CLANG_WARN_DIRECT_OBJC_ISA_USAGE = YES_ERROR;
				CLANG_WARN_DOCUMENTATION_COMMENTS = YES;
				CLANG_WARN_EMPTY_BODY = YES;
				CLANG_WARN_ENUM_CONVERSION = YES;
				CLANG_WARN_INFINITE_RECURSION = YES;
				CLANG_WARN_INT_CONVERSION = YES;
				CLANG_WARN_NON_LITERAL_NULL_CONVERSION = YES;
				CLANG_WARN_OBJC_IMPLICIT_RETAIN_SELF = YES;
				CLANG_WARN_OBJC_LITERAL_CONVERSION = YES;
				CLANG_WARN_OBJC_ROOT_CLASS = YES_ERROR;
				CLANG_WARN_RANGE_LOOP_ANALYSIS = YES;
				CLANG_WARN_STRICT_PROTOTYPES = YES;
				CLANG_WARN_SUSPICIOUS_MOVE = YES;
				CLANG_WARN_UNGUARDED_AVAILABILITY = YES_AGGRESSIVE;
				CLANG_WARN_UNREACHABLE_CODE = YES;
				CLANG_WARN__DUPLICATE_METHOD_MATCH = YES;
				COPY_PHASE_STRIP = NO;
				DEBUG_INFORMATION_FORMAT = "dwarf-with-dsym";
				ENABLE_NS_ASSERTIONS = NO;
				ENABLE_STRICT_OBJC_MSGSEND = YES;
				GCC_C_LANGUAGE_STANDARD = gnu11;
				GCC_NO_COMMON_BLOCKS = YES;
				GCC_WARN_64_TO_32_BIT_CONVERSION = YES;
				GCC_WARN_ABOUT_RETURN_TYPE = YES_ERROR;
				GCC_WARN_UNDECLARED_SELECTOR = YES;
				GCC_WARN_UNINITIALIZED_AUTOS = YES_AGGRESSIVE;
				GCC_WARN_UNUSED_FUNCTION = YES;
				GCC_WARN_UNUSED_VARIABLE = YES;
				IPHONEOS_DEPLOYMENT_TARGET = 13.4;
				MTL_ENABLE_DEBUG_INFO = NO;
				MTL_FAST_MATH = YES;
				SDKROOT = iphoneos;
				SWIFT_COMPILATION_MODE = wholemodule;
				SWIFT_OPTIMIZATION_LEVEL = "-O";
				VALIDATE_PRODUCT = YES;
			};
			name = Release;
		};
		96E78B8D245CAC290032F4E3 /* Debug */ = {
			isa = XCBuildConfiguration;
			buildSettings = {
				ASSETCATALOG_COMPILER_APPICON_NAME = AppIcon;
				CODE_SIGN_STYLE = Automatic;
				DEVELOPMENT_ASSET_PATHS = "\"BrickSet/Preview Content\"";
				DEVELOPMENT_TEAM = C4YN6HGG4B;
				ENABLE_PREVIEWS = YES;
				INFOPLIST_FILE = BrickSet/Info.plist;
				LD_RUNPATH_SEARCH_PATHS = (
					"$(inherited)",
					"@executable_path/Frameworks",
				);
				PRODUCT_BUNDLE_IDENTIFIER = com.wisimage.BrickSet;
				PRODUCT_NAME = "$(TARGET_NAME)";
				SWIFT_VERSION = 5.0;
				TARGETED_DEVICE_FAMILY = "1,2";
			};
			name = Debug;
		};
		96E78B8E245CAC290032F4E3 /* Release */ = {
			isa = XCBuildConfiguration;
			buildSettings = {
				ASSETCATALOG_COMPILER_APPICON_NAME = AppIcon;
				CODE_SIGN_STYLE = Automatic;
				DEVELOPMENT_ASSET_PATHS = "\"BrickSet/Preview Content\"";
				DEVELOPMENT_TEAM = C4YN6HGG4B;
				ENABLE_PREVIEWS = YES;
				INFOPLIST_FILE = BrickSet/Info.plist;
				LD_RUNPATH_SEARCH_PATHS = (
					"$(inherited)",
					"@executable_path/Frameworks",
				);
				PRODUCT_BUNDLE_IDENTIFIER = com.wisimage.BrickSet;
				PRODUCT_NAME = "$(TARGET_NAME)";
				SWIFT_VERSION = 5.0;
				TARGETED_DEVICE_FAMILY = "1,2";
			};
			name = Release;
		};
/* End XCBuildConfiguration section */

/* Begin XCConfigurationList section */
		96E78B73245CAC270032F4E3 /* Build configuration list for PBXProject "BrickSet" */ = {
			isa = XCConfigurationList;
			buildConfigurations = (
				96E78B8A245CAC290032F4E3 /* Debug */,
				96E78B8B245CAC290032F4E3 /* Release */,
			);
			defaultConfigurationIsVisible = 0;
			defaultConfigurationName = Release;
		};
		96E78B8C245CAC290032F4E3 /* Build configuration list for PBXNativeTarget "BrickSet" */ = {
			isa = XCConfigurationList;
			buildConfigurations = (
				96E78B8D245CAC290032F4E3 /* Debug */,
				96E78B8E245CAC290032F4E3 /* Release */,
			);
			defaultConfigurationIsVisible = 0;
			defaultConfigurationName = Release;
		};
/* End XCConfigurationList section */
	};
	rootObject = 96E78B70245CAC270032F4E3 /* Project object */;
}
