// !$*UTF8*$!
{
	archiveVersion = 1;
	classes = {
	};
	objectVersion = 53;
	objects = {

/* Begin PBXBuildFile section */
		960FAD53246709C50064B458 /* BlurredImageView.swift in Sources */ = {isa = PBXBuildFile; fileRef = 960FAD52246709C50064B458 /* BlurredImageView.swift */; };
		960FAD59246729EE0064B458 /* SetEditorView.swift in Sources */ = {isa = PBXBuildFile; fileRef = 960FAD58246729EE0064B458 /* SetEditorView.swift */; };
		960FAD7D24677CAC0064B458 /* SafariView.swift in Sources */ = {isa = PBXBuildFile; fileRef = 960FAD7B24677CAC0064B458 /* SafariView.swift */; };
		960FAD7E24677CAC0064B458 /* ActivityControllerView.swift in Sources */ = {isa = PBXBuildFile; fileRef = 960FAD7C24677CAC0064B458 /* ActivityControllerView.swift */; };
		960FAD8024677F250064B458 /* PDFKitView.swift in Sources */ = {isa = PBXBuildFile; fileRef = 960FAD7F24677F250064B458 /* PDFKitView.swift */; };
		960FAD8224677FD70064B458 /* PDFView.swift in Sources */ = {isa = PBXBuildFile; fileRef = 960FAD8124677FD70064B458 /* PDFView.swift */; };
		9610E5C82479815F00E31B57 /* SetAdditionalImageView.swift in Sources */ = {isa = PBXBuildFile; fileRef = 9610E5C72479815F00E31B57 /* SetAdditionalImageView.swift */; };
		961415ED248C17710059EEF6 /* DispatchQueue+Dedupe.swift in Sources */ = {isa = PBXBuildFile; fileRef = 961415EC248C17710059EEF6 /* DispatchQueue+Dedupe.swift */; };
		9624E38124718DC4002F68F7 /* EnvironmentValues.swift in Sources */ = {isa = PBXBuildFile; fileRef = 9624E37D24718DC4002F68F7 /* EnvironmentValues.swift */; };
		9624E38324718DC4002F68F7 /* Cache.swift in Sources */ = {isa = PBXBuildFile; fileRef = 9624E37F24718DC4002F68F7 /* Cache.swift */; };
		9624E38424718DC4002F68F7 /* AsyncImage.swift in Sources */ = {isa = PBXBuildFile; fileRef = 9624E38024718DC4002F68F7 /* AsyncImage.swift */; };
		9624E38724719B17002F68F7 /* DataLoader.swift in Sources */ = {isa = PBXBuildFile; fileRef = 9624E38624719B17002F68F7 /* DataLoader.swift */; };
		9624E3892471E66B002F68F7 /* Lego.swift in Sources */ = {isa = PBXBuildFile; fileRef = 9624E3882471E66B002F68F7 /* Lego.swift */; };
		9624E38B2471F2D1002F68F7 /* SetsListView.swift in Sources */ = {isa = PBXBuildFile; fileRef = 9624E38A2471F2D1002F68F7 /* SetsListView.swift */; };
		9624E38D2471F3B5002F68F7 /* FigsListView.swift in Sources */ = {isa = PBXBuildFile; fileRef = 9624E38C2471F3B5002F68F7 /* FigsListView.swift */; };
		9624E38F2471F79B002F68F7 /* RoundedText.swift in Sources */ = {isa = PBXBuildFile; fileRef = 9624E38E2471F79B002F68F7 /* RoundedText.swift */; };
		9624E3912471F904002F68F7 /* MinifigCell.swift in Sources */ = {isa = PBXBuildFile; fileRef = 9624E3902471F904002F68F7 /* MinifigCell.swift */; };
		96351F57248BC09700372A03 /* SetsFilteredView.swift in Sources */ = {isa = PBXBuildFile; fileRef = 96351F56248BC09700372A03 /* SetsFilteredView.swift */; };
		96365E6B246863BC00F318C3 /* SearchField.swift in Sources */ = {isa = PBXBuildFile; fileRef = 96365E6A246863BC00F318C3 /* SearchField.swift */; };
		96365E6E2468700900F318C3 /* AdaptsToSoftwareKeyboard.swift in Sources */ = {isa = PBXBuildFile; fileRef = 96365E6C2468700800F318C3 /* AdaptsToSoftwareKeyboard.swift */; };
		96365E6F2468700900F318C3 /* DismissingKeyboardOnSwipe.swift in Sources */ = {isa = PBXBuildFile; fileRef = 96365E6D2468700900F318C3 /* DismissingKeyboardOnSwipe.swift */; };
		96365E712468C5A500F318C3 /* BarButtonModifier.swift in Sources */ = {isa = PBXBuildFile; fileRef = 96365E702468C5A500F318C3 /* BarButtonModifier.swift */; };
		964BA877246A1FFE00984DCC /* Localizable.strings in Resources */ = {isa = PBXBuildFile; fileRef = 964BA879246A1FFE00984DCC /* Localizable.strings */; };
		964BA87F246A34D700984DCC /* Router.swift in Sources */ = {isa = PBXBuildFile; fileRef = 964BA87E246A34D700984DCC /* Router.swift */; };
		967ED17B24607BD4004712DB /* SetListCell.swift in Sources */ = {isa = PBXBuildFile; fileRef = 967ED17A24607BD4004712DB /* SetListCell.swift */; };
		967ED17F24608F9F004712DB /* Legothick.ttf in Resources */ = {isa = PBXBuildFile; fileRef = 967ED17E24608F9F004712DB /* Legothick.ttf */; };
		96851E032473389800D9F803 /* Reachability in Frameworks */ = {isa = PBXBuildFile; productRef = 96851E022473389800D9F803 /* Reachability */; };
		96851E0724734D3A00D9F803 /* MinifigDetailView.swift in Sources */ = {isa = PBXBuildFile; fileRef = 96851E0624734D3A00D9F803 /* MinifigDetailView.swift */; };
		96851E092473569400D9F803 /* MinifigEditorView.swift in Sources */ = {isa = PBXBuildFile; fileRef = 96851E082473569400D9F803 /* MinifigEditorView.swift */; };
		9694B588248FE881008D0508 /* CodeScanner.swift in Sources */ = {isa = PBXBuildFile; fileRef = 9694B587248FE881008D0508 /* CodeScanner.swift */; };
		9694B58B24900E21008D0508 /* SDWebImageSwiftUI in Frameworks */ = {isa = PBXBuildFile; productRef = 9694B58A24900E21008D0508 /* SDWebImageSwiftUI */; };
		969DE4A12462245A00F88ED1 /* Settings.swift in Sources */ = {isa = PBXBuildFile; fileRef = 969DE4A02462245A00F88ED1 /* Settings.swift */; };
		96CD88742490F2C100343CB6 /* MinifigFilteredView.swift in Sources */ = {isa = PBXBuildFile; fileRef = 96CD88732490F2C100343CB6 /* MinifigFilteredView.swift */; };
		96DE9243245F31CA00652E0E /* SampleSets.json in Resources */ = {isa = PBXBuildFile; fileRef = 96DE9242245F31CA00652E0E /* SampleSets.json */; };
		96DE9245245F34AA00652E0E /* Collection.swift in Sources */ = {isa = PBXBuildFile; fileRef = 96DE9244245F34AA00652E0E /* Collection.swift */; };
		96DE9247245F3DD800652E0E /* SetDetailView.swift in Sources */ = {isa = PBXBuildFile; fileRef = 96DE9246245F3DD800652E0E /* SetDetailView.swift */; };
		96DE924A245F62FF00652E0E /* RoundedShadowMod.swift in Sources */ = {isa = PBXBuildFile; fileRef = 96DE9249245F62FF00652E0E /* RoundedShadowMod.swift */; };
		96DE924C245F695100652E0E /* Assets.swift in Sources */ = {isa = PBXBuildFile; fileRef = 96DE924B245F695100652E0E /* Assets.swift */; };
		96DE924E245F696700652E0E /* Colors.xcassets in Resources */ = {isa = PBXBuildFile; fileRef = 96DE924D245F696700652E0E /* Colors.xcassets */; };
		96DE9253245F8A6800652E0E /* Blur.swift in Sources */ = {isa = PBXBuildFile; fileRef = 96DE9252245F8A6800652E0E /* Blur.swift */; };
		96DE9256245FA7BC00652E0E /* RoundedCorners.swift in Sources */ = {isa = PBXBuildFile; fileRef = 96DE9255245FA7BC00652E0E /* RoundedCorners.swift */; };
		96E78B7C245CAC270032F4E3 /* AppDelegate.swift in Sources */ = {isa = PBXBuildFile; fileRef = 96E78B7B245CAC270032F4E3 /* AppDelegate.swift */; };
		96E78B7E245CAC270032F4E3 /* SceneDelegate.swift in Sources */ = {isa = PBXBuildFile; fileRef = 96E78B7D245CAC270032F4E3 /* SceneDelegate.swift */; };
		96E78B82245CAC290032F4E3 /* Assets.xcassets in Resources */ = {isa = PBXBuildFile; fileRef = 96E78B81245CAC290032F4E3 /* Assets.xcassets */; };
		96E78B88245CAC290032F4E3 /* LaunchScreen.storyboard in Resources */ = {isa = PBXBuildFile; fileRef = 96E78B86245CAC290032F4E3 /* LaunchScreen.storyboard */; };
		96E78B95245CADFA0032F4E3 /* LoginView.swift in Sources */ = {isa = PBXBuildFile; fileRef = 96E78B94245CADFA0032F4E3 /* LoginView.swift */; };
		96E78B98245CB1120032F4E3 /* RoundedButtonStyle.swift in Sources */ = {isa = PBXBuildFile; fileRef = 96E78B97245CB1120032F4E3 /* RoundedButtonStyle.swift */; };
		96E78BA1245CC5AA0032F4E3 /* Configuration.swift in Sources */ = {isa = PBXBuildFile; fileRef = 96E78BA0245CC5AA0032F4E3 /* Configuration.swift */; };
		96E78BA4245CC7700032F4E3 /* KeychainSwift in Frameworks */ = {isa = PBXBuildFile; productRef = 96E78BA3245CC7700032F4E3 /* KeychainSwift */; };
		96E78BAE245CCED40032F4E3 /* APIHelpers.swift in Sources */ = {isa = PBXBuildFile; fileRef = 96E78BAD245CCED40032F4E3 /* APIHelpers.swift */; };
		96E78BB0245CD7330032F4E3 /* Toolbox.swift in Sources */ = {isa = PBXBuildFile; fileRef = 96E78BAF245CD7330032F4E3 /* Toolbox.swift */; };
		96E78BB2245CD79F0032F4E3 /* Logger.swift in Sources */ = {isa = PBXBuildFile; fileRef = 96E78BB1245CD79F0032F4E3 /* Logger.swift */; };
		96E78BB4245CE61A0032F4E3 /* AppRoot.swift in Sources */ = {isa = PBXBuildFile; fileRef = 96E78BB3245CE61A0032F4E3 /* AppRoot.swift */; };
		96E78BB6245CE9BC0032F4E3 /* LegoListView.swift in Sources */ = {isa = PBXBuildFile; fileRef = 96E78BB5245CE9BC0032F4E3 /* LegoListView.swift */; };
		96E78BBA245CEA1D0032F4E3 /* SettingsView.swift in Sources */ = {isa = PBXBuildFile; fileRef = 96E78BB9245CEA1D0032F4E3 /* SettingsView.swift */; };
		96E78BBE245CF4BB0032F4E3 /* LegoSet.swift in Sources */ = {isa = PBXBuildFile; fileRef = 96E78BBD245CF4BB0032F4E3 /* LegoSet.swift */; };
		96E78BC2245D15220032F4E3 /* Secrets.swift in Sources */ = {isa = PBXBuildFile; fileRef = 96E78BC1245D15220032F4E3 /* Secrets.swift */; };
		96ED04D6246823DA00C3A8BA /* LegoMinifig.swift in Sources */ = {isa = PBXBuildFile; fileRef = 96ED04D5246823DA00C3A8BA /* LegoMinifig.swift */; };
/* End PBXBuildFile section */

/* Begin PBXFileReference section */
		960FAD52246709C50064B458 /* BlurredImageView.swift */ = {isa = PBXFileReference; lastKnownFileType = sourcecode.swift; path = BlurredImageView.swift; sourceTree = "<group>"; };
		960FAD58246729EE0064B458 /* SetEditorView.swift */ = {isa = PBXFileReference; lastKnownFileType = sourcecode.swift; path = SetEditorView.swift; sourceTree = "<group>"; };
		960FAD7B24677CAC0064B458 /* SafariView.swift */ = {isa = PBXFileReference; fileEncoding = 4; lastKnownFileType = sourcecode.swift; path = SafariView.swift; sourceTree = "<group>"; };
		960FAD7C24677CAC0064B458 /* ActivityControllerView.swift */ = {isa = PBXFileReference; fileEncoding = 4; lastKnownFileType = sourcecode.swift; path = ActivityControllerView.swift; sourceTree = "<group>"; };
		960FAD7F24677F250064B458 /* PDFKitView.swift */ = {isa = PBXFileReference; lastKnownFileType = sourcecode.swift; path = PDFKitView.swift; sourceTree = "<group>"; };
		960FAD8124677FD70064B458 /* PDFView.swift */ = {isa = PBXFileReference; lastKnownFileType = sourcecode.swift; path = PDFView.swift; sourceTree = "<group>"; };
		9610E5C72479815F00E31B57 /* SetAdditionalImageView.swift */ = {isa = PBXFileReference; lastKnownFileType = sourcecode.swift; path = SetAdditionalImageView.swift; sourceTree = "<group>"; };
		961415EC248C17710059EEF6 /* DispatchQueue+Dedupe.swift */ = {isa = PBXFileReference; fileEncoding = 4; lastKnownFileType = sourcecode.swift; path = "DispatchQueue+Dedupe.swift"; sourceTree = "<group>"; };
		9624E37D24718DC4002F68F7 /* EnvironmentValues.swift */ = {isa = PBXFileReference; fileEncoding = 4; lastKnownFileType = sourcecode.swift; path = EnvironmentValues.swift; sourceTree = "<group>"; };
		9624E37F24718DC4002F68F7 /* Cache.swift */ = {isa = PBXFileReference; fileEncoding = 4; lastKnownFileType = sourcecode.swift; path = Cache.swift; sourceTree = "<group>"; };
		9624E38024718DC4002F68F7 /* AsyncImage.swift */ = {isa = PBXFileReference; fileEncoding = 4; lastKnownFileType = sourcecode.swift; path = AsyncImage.swift; sourceTree = "<group>"; };
		9624E38624719B17002F68F7 /* DataLoader.swift */ = {isa = PBXFileReference; fileEncoding = 4; lastKnownFileType = sourcecode.swift; path = DataLoader.swift; sourceTree = "<group>"; };
		9624E3882471E66B002F68F7 /* Lego.swift */ = {isa = PBXFileReference; lastKnownFileType = sourcecode.swift; path = Lego.swift; sourceTree = "<group>"; };
		9624E38A2471F2D1002F68F7 /* SetsListView.swift */ = {isa = PBXFileReference; lastKnownFileType = sourcecode.swift; path = SetsListView.swift; sourceTree = "<group>"; };
		9624E38C2471F3B5002F68F7 /* FigsListView.swift */ = {isa = PBXFileReference; fileEncoding = 4; lastKnownFileType = sourcecode.swift; path = FigsListView.swift; sourceTree = "<group>"; };
		9624E38E2471F79B002F68F7 /* RoundedText.swift */ = {isa = PBXFileReference; lastKnownFileType = sourcecode.swift; path = RoundedText.swift; sourceTree = "<group>"; };
		9624E3902471F904002F68F7 /* MinifigCell.swift */ = {isa = PBXFileReference; lastKnownFileType = sourcecode.swift; path = MinifigCell.swift; sourceTree = "<group>"; };
		96351F56248BC09700372A03 /* SetsFilteredView.swift */ = {isa = PBXFileReference; lastKnownFileType = sourcecode.swift; path = SetsFilteredView.swift; sourceTree = "<group>"; };
		96365E6A246863BC00F318C3 /* SearchField.swift */ = {isa = PBXFileReference; lastKnownFileType = sourcecode.swift; path = SearchField.swift; sourceTree = "<group>"; };
		96365E6C2468700800F318C3 /* AdaptsToSoftwareKeyboard.swift */ = {isa = PBXFileReference; fileEncoding = 4; lastKnownFileType = sourcecode.swift; path = AdaptsToSoftwareKeyboard.swift; sourceTree = "<group>"; };
		96365E6D2468700900F318C3 /* DismissingKeyboardOnSwipe.swift */ = {isa = PBXFileReference; fileEncoding = 4; lastKnownFileType = sourcecode.swift; path = DismissingKeyboardOnSwipe.swift; sourceTree = "<group>"; };
		96365E702468C5A500F318C3 /* BarButtonModifier.swift */ = {isa = PBXFileReference; lastKnownFileType = sourcecode.swift; path = BarButtonModifier.swift; sourceTree = "<group>"; };
		964BA878246A1FFE00984DCC /* en */ = {isa = PBXFileReference; lastKnownFileType = text.plist.strings; name = en; path = en.lproj/Localizable.strings; sourceTree = "<group>"; };
		964BA87A246A200700984DCC /* fr */ = {isa = PBXFileReference; lastKnownFileType = text.plist.strings; name = fr; path = fr.lproj/Localizable.strings; sourceTree = "<group>"; };
		964BA87E246A34D700984DCC /* Router.swift */ = {isa = PBXFileReference; lastKnownFileType = sourcecode.swift; path = Router.swift; sourceTree = "<group>"; };
		967ED17A24607BD4004712DB /* SetListCell.swift */ = {isa = PBXFileReference; lastKnownFileType = sourcecode.swift; path = SetListCell.swift; sourceTree = "<group>"; };
		967ED17E24608F9F004712DB /* Legothick.ttf */ = {isa = PBXFileReference; lastKnownFileType = file; path = Legothick.ttf; sourceTree = "<group>"; };
		96851E0624734D3A00D9F803 /* MinifigDetailView.swift */ = {isa = PBXFileReference; lastKnownFileType = sourcecode.swift; path = MinifigDetailView.swift; sourceTree = "<group>"; };
		96851E082473569400D9F803 /* MinifigEditorView.swift */ = {isa = PBXFileReference; lastKnownFileType = sourcecode.swift; path = MinifigEditorView.swift; sourceTree = "<group>"; };
		9694B587248FE881008D0508 /* CodeScanner.swift */ = {isa = PBXFileReference; fileEncoding = 4; lastKnownFileType = sourcecode.swift; path = CodeScanner.swift; sourceTree = "<group>"; };
		969DE4A02462245A00F88ED1 /* Settings.swift */ = {isa = PBXFileReference; lastKnownFileType = sourcecode.swift; path = Settings.swift; sourceTree = "<group>"; };
		96CD88732490F2C100343CB6 /* MinifigFilteredView.swift */ = {isa = PBXFileReference; fileEncoding = 4; lastKnownFileType = sourcecode.swift; path = MinifigFilteredView.swift; sourceTree = "<group>"; };
		96DE9242245F31CA00652E0E /* SampleSets.json */ = {isa = PBXFileReference; fileEncoding = 4; lastKnownFileType = text.json; path = SampleSets.json; sourceTree = "<group>"; };
		96DE9244245F34AA00652E0E /* Collection.swift */ = {isa = PBXFileReference; lastKnownFileType = sourcecode.swift; path = Collection.swift; sourceTree = "<group>"; };
		96DE9246245F3DD800652E0E /* SetDetailView.swift */ = {isa = PBXFileReference; lastKnownFileType = sourcecode.swift; path = SetDetailView.swift; sourceTree = "<group>"; };
		96DE9249245F62FF00652E0E /* RoundedShadowMod.swift */ = {isa = PBXFileReference; lastKnownFileType = sourcecode.swift; path = RoundedShadowMod.swift; sourceTree = "<group>"; };
		96DE924B245F695100652E0E /* Assets.swift */ = {isa = PBXFileReference; lastKnownFileType = sourcecode.swift; path = Assets.swift; sourceTree = "<group>"; };
		96DE924D245F696700652E0E /* Colors.xcassets */ = {isa = PBXFileReference; lastKnownFileType = folder.assetcatalog; path = Colors.xcassets; sourceTree = "<group>"; };
		96DE9252245F8A6800652E0E /* Blur.swift */ = {isa = PBXFileReference; lastKnownFileType = sourcecode.swift; path = Blur.swift; sourceTree = "<group>"; };
		96DE9255245FA7BC00652E0E /* RoundedCorners.swift */ = {isa = PBXFileReference; lastKnownFileType = sourcecode.swift; path = RoundedCorners.swift; sourceTree = "<group>"; };
		96E78B78245CAC270032F4E3 /* Brickie.app */ = {isa = PBXFileReference; explicitFileType = wrapper.application; includeInIndex = 0; path = Brickie.app; sourceTree = BUILT_PRODUCTS_DIR; };
		96E78B7B245CAC270032F4E3 /* AppDelegate.swift */ = {isa = PBXFileReference; lastKnownFileType = sourcecode.swift; path = AppDelegate.swift; sourceTree = "<group>"; };
		96E78B7D245CAC270032F4E3 /* SceneDelegate.swift */ = {isa = PBXFileReference; lastKnownFileType = sourcecode.swift; path = SceneDelegate.swift; sourceTree = "<group>"; };
		96E78B81245CAC290032F4E3 /* Assets.xcassets */ = {isa = PBXFileReference; lastKnownFileType = folder.assetcatalog; path = Assets.xcassets; sourceTree = "<group>"; };
		96E78B87245CAC290032F4E3 /* Base */ = {isa = PBXFileReference; lastKnownFileType = file.storyboard; name = Base; path = Base.lproj/LaunchScreen.storyboard; sourceTree = "<group>"; };
		96E78B89245CAC290032F4E3 /* Info.plist */ = {isa = PBXFileReference; lastKnownFileType = text.plist.xml; path = Info.plist; sourceTree = "<group>"; };
		96E78B8F245CAC420032F4E3 /* BrickSet.entitlements */ = {isa = PBXFileReference; lastKnownFileType = text.plist.entitlements; path = BrickSet.entitlements; sourceTree = "<group>"; };
		96E78B94245CADFA0032F4E3 /* LoginView.swift */ = {isa = PBXFileReference; lastKnownFileType = sourcecode.swift; path = LoginView.swift; sourceTree = "<group>"; };
		96E78B97245CB1120032F4E3 /* RoundedButtonStyle.swift */ = {isa = PBXFileReference; lastKnownFileType = sourcecode.swift; path = RoundedButtonStyle.swift; sourceTree = "<group>"; };
		96E78BA0245CC5AA0032F4E3 /* Configuration.swift */ = {isa = PBXFileReference; lastKnownFileType = sourcecode.swift; path = Configuration.swift; sourceTree = "<group>"; };
		96E78BAD245CCED40032F4E3 /* APIHelpers.swift */ = {isa = PBXFileReference; lastKnownFileType = sourcecode.swift; path = APIHelpers.swift; sourceTree = "<group>"; };
		96E78BAF245CD7330032F4E3 /* Toolbox.swift */ = {isa = PBXFileReference; lastKnownFileType = sourcecode.swift; path = Toolbox.swift; sourceTree = "<group>"; };
		96E78BB1245CD79F0032F4E3 /* Logger.swift */ = {isa = PBXFileReference; fileEncoding = 4; lastKnownFileType = sourcecode.swift; path = Logger.swift; sourceTree = "<group>"; };
		96E78BB3245CE61A0032F4E3 /* AppRoot.swift */ = {isa = PBXFileReference; lastKnownFileType = sourcecode.swift; path = AppRoot.swift; sourceTree = "<group>"; };
		96E78BB5245CE9BC0032F4E3 /* LegoListView.swift */ = {isa = PBXFileReference; lastKnownFileType = sourcecode.swift; path = LegoListView.swift; sourceTree = "<group>"; };
		96E78BB9245CEA1D0032F4E3 /* SettingsView.swift */ = {isa = PBXFileReference; lastKnownFileType = sourcecode.swift; path = SettingsView.swift; sourceTree = "<group>"; };
		96E78BBD245CF4BB0032F4E3 /* LegoSet.swift */ = {isa = PBXFileReference; lastKnownFileType = sourcecode.swift; path = LegoSet.swift; sourceTree = "<group>"; };
		96E78BC1245D15220032F4E3 /* Secrets.swift */ = {isa = PBXFileReference; lastKnownFileType = sourcecode.swift; path = Secrets.swift; sourceTree = "<group>"; };
		96ED04D5246823DA00C3A8BA /* LegoMinifig.swift */ = {isa = PBXFileReference; lastKnownFileType = sourcecode.swift; path = LegoMinifig.swift; sourceTree = "<group>"; };
/* End PBXFileReference section */

/* Begin PBXFrameworksBuildPhase section */
		96E78B75245CAC270032F4E3 /* Frameworks */ = {
			isa = PBXFrameworksBuildPhase;
			buildActionMask = 2147483647;
			files = (
				9694B58B24900E21008D0508 /* SDWebImageSwiftUI in Frameworks */,
				96E78BA4245CC7700032F4E3 /* KeychainSwift in Frameworks */,
				96851E032473389800D9F803 /* Reachability in Frameworks */,
			);
			runOnlyForDeploymentPostprocessing = 0;
		};
/* End PBXFrameworksBuildPhase section */

/* Begin PBXGroup section */
		960FAD7A24677CAC0064B458 /* representables */ = {
			isa = PBXGroup;
			children = (
				960FAD7B24677CAC0064B458 /* SafariView.swift */,
				960FAD7C24677CAC0064B458 /* ActivityControllerView.swift */,
				960FAD7F24677F250064B458 /* PDFKitView.swift */,
			);
			path = representables;
			sourceTree = "<group>";
		};
		9624E38524718FE4002F68F7 /* Cache */ = {
			isa = PBXGroup;
			children = (
				9624E37F24718DC4002F68F7 /* Cache.swift */,
				9624E37D24718DC4002F68F7 /* EnvironmentValues.swift */,
			);
			path = Cache;
			sourceTree = "<group>";
		};
		964BA87B246A349B00984DCC /* data */ = {
			isa = PBXGroup;
			children = (
				96E78BBD245CF4BB0032F4E3 /* LegoSet.swift */,
				96ED04D5246823DA00C3A8BA /* LegoMinifig.swift */,
				9624E3882471E66B002F68F7 /* Lego.swift */,
			);
			path = data;
			sourceTree = "<group>";
		};
		964BA87C246A34AD00984DCC /* APIs */ = {
			isa = PBXGroup;
			children = (
				96E78BAD245CCED40032F4E3 /* APIHelpers.swift */,
				964BA87E246A34D700984DCC /* Router.swift */,
			);
			path = APIs;
			sourceTree = "<group>";
		};
		964BA87D246A34C400984DCC /* Publishers */ = {
			isa = PBXGroup;
			children = (
				9624E38624719B17002F68F7 /* DataLoader.swift */,
				96E78BA0245CC5AA0032F4E3 /* Configuration.swift */,
				96DE9244245F34AA00652E0E /* Collection.swift */,
			);
			path = Publishers;
			sourceTree = "<group>";
		};
		96DE9241245F31A800652E0E /* Preview Content */ = {
			isa = PBXGroup;
			children = (
				96DE9242245F31CA00652E0E /* SampleSets.json */,
			);
			path = "Preview Content";
			sourceTree = "<group>";
		};
		96DE9248245F62E300652E0E /* Modifier and Accessories */ = {
			isa = PBXGroup;
			children = (
				96365E6C2468700800F318C3 /* AdaptsToSoftwareKeyboard.swift */,
				96365E6D2468700900F318C3 /* DismissingKeyboardOnSwipe.swift */,
				96DE9252245F8A6800652E0E /* Blur.swift */,
				96E78B97245CB1120032F4E3 /* RoundedButtonStyle.swift */,
				96DE9249245F62FF00652E0E /* RoundedShadowMod.swift */,
				960FAD52246709C50064B458 /* BlurredImageView.swift */,
				96DE9255245FA7BC00652E0E /* RoundedCorners.swift */,
				96365E702468C5A500F318C3 /* BarButtonModifier.swift */,
				9624E38E2471F79B002F68F7 /* RoundedText.swift */,
			);
			path = "Modifier and Accessories";
			sourceTree = "<group>";
		};
		96DE9257245FB48D00652E0E /* SetList */ = {
			isa = PBXGroup;
			children = (
				9624E38A2471F2D1002F68F7 /* SetsListView.swift */,
				967ED17A24607BD4004712DB /* SetListCell.swift */,
				96DE9246245F3DD800652E0E /* SetDetailView.swift */,
				960FAD8124677FD70064B458 /* PDFView.swift */,
				960FAD58246729EE0064B458 /* SetEditorView.swift */,
				96351F56248BC09700372A03 /* SetsFilteredView.swift */,
				9610E5C72479815F00E31B57 /* SetAdditionalImageView.swift */,
			);
			path = SetList;
			sourceTree = "<group>";
		};
		96E78B6F245CAC270032F4E3 = {
			isa = PBXGroup;
			children = (
				96E78B7A245CAC270032F4E3 /* sources */,
				96E78B79245CAC270032F4E3 /* Products */,
			);
			sourceTree = "<group>";
		};
		96E78B79245CAC270032F4E3 /* Products */ = {
			isa = PBXGroup;
			children = (
				96E78B78245CAC270032F4E3 /* Brickie.app */,
			);
			name = Products;
			sourceTree = "<group>";
		};
		96E78B7A245CAC270032F4E3 /* sources */ = {
			isa = PBXGroup;
			children = (
				96E78B93245CACC40032F4E3 /* assets */,
				96E78B92245CACB20032F4E3 /* base */,
				96E78B90245CACA20032F4E3 /* model */,
				96E78B91245CACA80032F4E3 /* views */,
			);
			path = sources;
			sourceTree = "<group>";
		};
		96E78B90245CACA20032F4E3 /* model */ = {
			isa = PBXGroup;
			children = (
				961415EC248C17710059EEF6 /* DispatchQueue+Dedupe.swift */,
				9624E38524718FE4002F68F7 /* Cache */,
				964BA87D246A34C400984DCC /* Publishers */,
				964BA87C246A34AD00984DCC /* APIs */,
				964BA87B246A349B00984DCC /* data */,
				96E78BC1245D15220032F4E3 /* Secrets.swift */,
				969DE4A02462245A00F88ED1 /* Settings.swift */,
			);
			path = model;
			sourceTree = "<group>";
		};
		96E78B91245CACA80032F4E3 /* views */ = {
			isa = PBXGroup;
			children = (
				96E78BB3245CE61A0032F4E3 /* AppRoot.swift */,
				96E78B94245CADFA0032F4E3 /* LoginView.swift */,
				9624E38024718DC4002F68F7 /* AsyncImage.swift */,
				960FAD7A24677CAC0064B458 /* representables */,
				96DE9248245F62E300652E0E /* Modifier and Accessories */,
				96E78BB5245CE9BC0032F4E3 /* LegoListView.swift */,
				9694B587248FE881008D0508 /* CodeScanner.swift */,
				96DE9257245FB48D00652E0E /* SetList */,
				96ED04D4246823BD00C3A8BA /* Minifig */,
				96E78BB9245CEA1D0032F4E3 /* SettingsView.swift */,
				96365E6A246863BC00F318C3 /* SearchField.swift */,
			);
			path = views;
			sourceTree = "<group>";
		};
		96E78B92245CACB20032F4E3 /* base */ = {
			isa = PBXGroup;
			children = (
				96E78BB1245CD79F0032F4E3 /* Logger.swift */,
				96E78B7B245CAC270032F4E3 /* AppDelegate.swift */,
				96E78B7D245CAC270032F4E3 /* SceneDelegate.swift */,
				96E78BAF245CD7330032F4E3 /* Toolbox.swift */,
			);
			path = base;
			sourceTree = "<group>";
		};
		96E78B93245CACC40032F4E3 /* assets */ = {
			isa = PBXGroup;
			children = (
				964BA879246A1FFE00984DCC /* Localizable.strings */,
				96DE9241245F31A800652E0E /* Preview Content */,
				96E78B8F245CAC420032F4E3 /* BrickSet.entitlements */,
				96E78B86245CAC290032F4E3 /* LaunchScreen.storyboard */,
				96E78B89245CAC290032F4E3 /* Info.plist */,
				96DE924B245F695100652E0E /* Assets.swift */,
				967ED17E24608F9F004712DB /* Legothick.ttf */,
				96E78B81245CAC290032F4E3 /* Assets.xcassets */,
				96DE924D245F696700652E0E /* Colors.xcassets */,
			);
			path = assets;
			sourceTree = "<group>";
		};
		96ED04D4246823BD00C3A8BA /* Minifig */ = {
			isa = PBXGroup;
			children = (
				9624E38C2471F3B5002F68F7 /* FigsListView.swift */,
				9624E3902471F904002F68F7 /* MinifigCell.swift */,
				96851E0624734D3A00D9F803 /* MinifigDetailView.swift */,
				96CD88732490F2C100343CB6 /* MinifigFilteredView.swift */,
				96851E082473569400D9F803 /* MinifigEditorView.swift */,
			);
			path = Minifig;
			sourceTree = "<group>";
		};
/* End PBXGroup section */

/* Begin PBXNativeTarget section */
		96E78B77245CAC270032F4E3 /* BrickSet */ = {
			isa = PBXNativeTarget;
			buildConfigurationList = 96E78B8C245CAC290032F4E3 /* Build configuration list for PBXNativeTarget "BrickSet" */;
			buildPhases = (
				96E78B74245CAC270032F4E3 /* Sources */,
				96E78B75245CAC270032F4E3 /* Frameworks */,
				96E78B76245CAC270032F4E3 /* Resources */,
			);
			buildRules = (
			);
			dependencies = (
			);
			name = BrickSet;
			packageProductDependencies = (
				96E78BA3245CC7700032F4E3 /* KeychainSwift */,
				96851E022473389800D9F803 /* Reachability */,
				9694B58A24900E21008D0508 /* SDWebImageSwiftUI */,
			);
			productName = BrickSet;
			productReference = 96E78B78245CAC270032F4E3 /* Brickie.app */;
			productType = "com.apple.product-type.application";
		};
/* End PBXNativeTarget section */

/* Begin PBXProject section */
		96E78B70245CAC270032F4E3 /* Project object */ = {
			isa = PBXProject;
			attributes = {
				LastSwiftUpdateCheck = 1140;
				LastUpgradeCheck = 1140;
				ORGANIZATIONNAME = Homework;
				TargetAttributes = {
					96E78B77245CAC270032F4E3 = {
						CreatedOnToolsVersion = 11.4.1;
					};
				};
			};
			buildConfigurationList = 96E78B73245CAC270032F4E3 /* Build configuration list for PBXProject "BrickSet" */;
			compatibilityVersion = "Xcode 11.4";
			developmentRegion = en;
			hasScannedForEncodings = 0;
			knownRegions = (
				en,
				Base,
				fr,
			);
			mainGroup = 96E78B6F245CAC270032F4E3;
			packageReferences = (
				96E78BA2245CC7700032F4E3 /* XCRemoteSwiftPackageReference "keychain-swift" */,
				96851E012473389800D9F803 /* XCRemoteSwiftPackageReference "Reachability.swift" */,
				9694B58924900E21008D0508 /* XCRemoteSwiftPackageReference "SDWebImageSwiftUI" */,
			);
			productRefGroup = 96E78B79245CAC270032F4E3 /* Products */;
			projectDirPath = "";
			projectRoot = "";
			targets = (
				96E78B77245CAC270032F4E3 /* BrickSet */,
			);
		};
/* End PBXProject section */

/* Begin PBXResourcesBuildPhase section */
		96E78B76245CAC270032F4E3 /* Resources */ = {
			isa = PBXResourcesBuildPhase;
			buildActionMask = 2147483647;
			files = (
				967ED17F24608F9F004712DB /* Legothick.ttf in Resources */,
				964BA877246A1FFE00984DCC /* Localizable.strings in Resources */,
				96DE9243245F31CA00652E0E /* SampleSets.json in Resources */,
				96DE924E245F696700652E0E /* Colors.xcassets in Resources */,
				96E78B88245CAC290032F4E3 /* LaunchScreen.storyboard in Resources */,
				96E78B82245CAC290032F4E3 /* Assets.xcassets in Resources */,
			);
			runOnlyForDeploymentPostprocessing = 0;
		};
/* End PBXResourcesBuildPhase section */

/* Begin PBXSourcesBuildPhase section */
		96E78B74245CAC270032F4E3 /* Sources */ = {
			isa = PBXSourcesBuildPhase;
			buildActionMask = 2147483647;
			files = (
				96DE9253245F8A6800652E0E /* Blur.swift in Sources */,
				96E78BBA245CEA1D0032F4E3 /* SettingsView.swift in Sources */,
				96DE9256245FA7BC00652E0E /* RoundedCorners.swift in Sources */,
				96E78B7C245CAC270032F4E3 /* AppDelegate.swift in Sources */,
				9624E38124718DC4002F68F7 /* EnvironmentValues.swift in Sources */,
				960FAD7D24677CAC0064B458 /* SafariView.swift in Sources */,
				96ED04D6246823DA00C3A8BA /* LegoMinifig.swift in Sources */,
				96E78BB2245CD79F0032F4E3 /* Logger.swift in Sources */,
				96E78B7E245CAC270032F4E3 /* SceneDelegate.swift in Sources */,
				96E78BA1245CC5AA0032F4E3 /* Configuration.swift in Sources */,
				9610E5C82479815F00E31B57 /* SetAdditionalImageView.swift in Sources */,
				960FAD8024677F250064B458 /* PDFKitView.swift in Sources */,
				961415ED248C17710059EEF6 /* DispatchQueue+Dedupe.swift in Sources */,
				96E78BC2245D15220032F4E3 /* Secrets.swift in Sources */,
				96E78BAE245CCED40032F4E3 /* APIHelpers.swift in Sources */,
				96365E6F2468700900F318C3 /* DismissingKeyboardOnSwipe.swift in Sources */,
				960FAD7E24677CAC0064B458 /* ActivityControllerView.swift in Sources */,
				96365E712468C5A500F318C3 /* BarButtonModifier.swift in Sources */,
				96DE9247245F3DD800652E0E /* SetDetailView.swift in Sources */,
				96851E0724734D3A00D9F803 /* MinifigDetailView.swift in Sources */,
				96E78B98245CB1120032F4E3 /* RoundedButtonStyle.swift in Sources */,
				9624E3912471F904002F68F7 /* MinifigCell.swift in Sources */,
				9624E38F2471F79B002F68F7 /* RoundedText.swift in Sources */,
				96365E6E2468700900F318C3 /* AdaptsToSoftwareKeyboard.swift in Sources */,
				96DE924C245F695100652E0E /* Assets.swift in Sources */,
				96851E092473569400D9F803 /* MinifigEditorView.swift in Sources */,
				96DE9245245F34AA00652E0E /* Collection.swift in Sources */,
				96E78BB0245CD7330032F4E3 /* Toolbox.swift in Sources */,
				9624E38724719B17002F68F7 /* DataLoader.swift in Sources */,
				96E78BBE245CF4BB0032F4E3 /* LegoSet.swift in Sources */,
				964BA87F246A34D700984DCC /* Router.swift in Sources */,
				96365E6B246863BC00F318C3 /* SearchField.swift in Sources */,
				9624E38324718DC4002F68F7 /* Cache.swift in Sources */,
				9694B588248FE881008D0508 /* CodeScanner.swift in Sources */,
				96351F57248BC09700372A03 /* SetsFilteredView.swift in Sources */,
				960FAD59246729EE0064B458 /* SetEditorView.swift in Sources */,
				9624E3892471E66B002F68F7 /* Lego.swift in Sources */,
				96E78BB4245CE61A0032F4E3 /* AppRoot.swift in Sources */,
				96E78B95245CADFA0032F4E3 /* LoginView.swift in Sources */,
				960FAD53246709C50064B458 /* BlurredImageView.swift in Sources */,
				967ED17B24607BD4004712DB /* SetListCell.swift in Sources */,
				969DE4A12462245A00F88ED1 /* Settings.swift in Sources */,
				9624E38B2471F2D1002F68F7 /* SetsListView.swift in Sources */,
				96DE924A245F62FF00652E0E /* RoundedShadowMod.swift in Sources */,
				96CD88742490F2C100343CB6 /* MinifigFilteredView.swift in Sources */,
				960FAD8224677FD70064B458 /* PDFView.swift in Sources */,
				9624E38424718DC4002F68F7 /* AsyncImage.swift in Sources */,
				9624E38D2471F3B5002F68F7 /* FigsListView.swift in Sources */,
				96E78BB6245CE9BC0032F4E3 /* LegoListView.swift in Sources */,
			);
			runOnlyForDeploymentPostprocessing = 0;
		};
/* End PBXSourcesBuildPhase section */

/* Begin PBXVariantGroup section */
		964BA879246A1FFE00984DCC /* Localizable.strings */ = {
			isa = PBXVariantGroup;
			children = (
				964BA878246A1FFE00984DCC /* en */,
				964BA87A246A200700984DCC /* fr */,
			);
			name = Localizable.strings;
			sourceTree = "<group>";
		};
		96E78B86245CAC290032F4E3 /* LaunchScreen.storyboard */ = {
			isa = PBXVariantGroup;
			children = (
				96E78B87245CAC290032F4E3 /* Base */,
			);
			name = LaunchScreen.storyboard;
			sourceTree = "<group>";
		};
/* End PBXVariantGroup section */

/* Begin XCBuildConfiguration section */
		96E78B8A245CAC290032F4E3 /* Debug */ = {
			isa = XCBuildConfiguration;
			buildSettings = {
				ALWAYS_SEARCH_USER_PATHS = NO;
				CLANG_ANALYZER_LOCALIZABILITY_NONLOCALIZED = YES;
				CLANG_ANALYZER_NONNULL = YES;
				CLANG_ANALYZER_NUMBER_OBJECT_CONVERSION = YES_AGGRESSIVE;
				CLANG_CXX_LANGUAGE_STANDARD = "gnu++14";
				CLANG_CXX_LIBRARY = "libc++";
				CLANG_ENABLE_MODULES = YES;
				CLANG_ENABLE_OBJC_ARC = YES;
				CLANG_ENABLE_OBJC_WEAK = YES;
				CLANG_WARN_BLOCK_CAPTURE_AUTORELEASING = YES;
				CLANG_WARN_BOOL_CONVERSION = YES;
				CLANG_WARN_COMMA = YES;
				CLANG_WARN_CONSTANT_CONVERSION = YES;
				CLANG_WARN_DEPRECATED_OBJC_IMPLEMENTATIONS = YES;
				CLANG_WARN_DIRECT_OBJC_ISA_USAGE = YES_ERROR;
				CLANG_WARN_DOCUMENTATION_COMMENTS = YES;
				CLANG_WARN_EMPTY_BODY = YES;
				CLANG_WARN_ENUM_CONVERSION = YES;
				CLANG_WARN_INFINITE_RECURSION = YES;
				CLANG_WARN_INT_CONVERSION = YES;
				CLANG_WARN_NON_LITERAL_NULL_CONVERSION = YES;
				CLANG_WARN_OBJC_IMPLICIT_RETAIN_SELF = YES;
				CLANG_WARN_OBJC_LITERAL_CONVERSION = YES;
				CLANG_WARN_OBJC_ROOT_CLASS = YES_ERROR;
				CLANG_WARN_RANGE_LOOP_ANALYSIS = YES;
				CLANG_WARN_STRICT_PROTOTYPES = YES;
				CLANG_WARN_SUSPICIOUS_MOVE = YES;
				CLANG_WARN_UNGUARDED_AVAILABILITY = YES_AGGRESSIVE;
				CLANG_WARN_UNREACHABLE_CODE = YES;
				CLANG_WARN__DUPLICATE_METHOD_MATCH = YES;
				COPY_PHASE_STRIP = NO;
				DEBUG_INFORMATION_FORMAT = dwarf;
				ENABLE_STRICT_OBJC_MSGSEND = YES;
				ENABLE_TESTABILITY = YES;
				GCC_C_LANGUAGE_STANDARD = gnu11;
				GCC_DYNAMIC_NO_PIC = NO;
				GCC_NO_COMMON_BLOCKS = YES;
				GCC_OPTIMIZATION_LEVEL = 0;
				GCC_PREPROCESSOR_DEFINITIONS = (
					"DEBUG=1",
					"$(inherited)",
				);
				GCC_WARN_64_TO_32_BIT_CONVERSION = YES;
				GCC_WARN_ABOUT_RETURN_TYPE = YES_ERROR;
				GCC_WARN_UNDECLARED_SELECTOR = YES;
				GCC_WARN_UNINITIALIZED_AUTOS = YES_AGGRESSIVE;
				GCC_WARN_UNUSED_FUNCTION = YES;
				GCC_WARN_UNUSED_VARIABLE = YES;
				IPHONEOS_DEPLOYMENT_TARGET = 13.4;
				MTL_ENABLE_DEBUG_INFO = INCLUDE_SOURCE;
				MTL_FAST_MATH = YES;
				ONLY_ACTIVE_ARCH = YES;
				SDKROOT = iphoneos;
				SWIFT_ACTIVE_COMPILATION_CONDITIONS = DEBUG;
				SWIFT_OPTIMIZATION_LEVEL = "-Onone";
			};
			name = Debug;
		};
		96E78B8B245CAC290032F4E3 /* Release */ = {
			isa = XCBuildConfiguration;
			buildSettings = {
				ALWAYS_SEARCH_USER_PATHS = NO;
				CLANG_ANALYZER_LOCALIZABILITY_NONLOCALIZED = YES;
				CLANG_ANALYZER_NONNULL = YES;
				CLANG_ANALYZER_NUMBER_OBJECT_CONVERSION = YES_AGGRESSIVE;
				CLANG_CXX_LANGUAGE_STANDARD = "gnu++14";
				CLANG_CXX_LIBRARY = "libc++";
				CLANG_ENABLE_MODULES = YES;
				CLANG_ENABLE_OBJC_ARC = YES;
				CLANG_ENABLE_OBJC_WEAK = YES;
				CLANG_WARN_BLOCK_CAPTURE_AUTORELEASING = YES;
				CLANG_WARN_BOOL_CONVERSION = YES;
				CLANG_WARN_COMMA = YES;
				CLANG_WARN_CONSTANT_CONVERSION = YES;
				CLANG_WARN_DEPRECATED_OBJC_IMPLEMENTATIONS = YES;
				CLANG_WARN_DIRECT_OBJC_ISA_USAGE = YES_ERROR;
				CLANG_WARN_DOCUMENTATION_COMMENTS = YES;
				CLANG_WARN_EMPTY_BODY = YES;
				CLANG_WARN_ENUM_CONVERSION = YES;
				CLANG_WARN_INFINITE_RECURSION = YES;
				CLANG_WARN_INT_CONVERSION = YES;
				CLANG_WARN_NON_LITERAL_NULL_CONVERSION = YES;
				CLANG_WARN_OBJC_IMPLICIT_RETAIN_SELF = YES;
				CLANG_WARN_OBJC_LITERAL_CONVERSION = YES;
				CLANG_WARN_OBJC_ROOT_CLASS = YES_ERROR;
				CLANG_WARN_RANGE_LOOP_ANALYSIS = YES;
				CLANG_WARN_STRICT_PROTOTYPES = YES;
				CLANG_WARN_SUSPICIOUS_MOVE = YES;
				CLANG_WARN_UNGUARDED_AVAILABILITY = YES_AGGRESSIVE;
				CLANG_WARN_UNREACHABLE_CODE = YES;
				CLANG_WARN__DUPLICATE_METHOD_MATCH = YES;
				COPY_PHASE_STRIP = NO;
				DEBUG_INFORMATION_FORMAT = "dwarf-with-dsym";
				ENABLE_NS_ASSERTIONS = NO;
				ENABLE_STRICT_OBJC_MSGSEND = YES;
				GCC_C_LANGUAGE_STANDARD = gnu11;
				GCC_NO_COMMON_BLOCKS = YES;
				GCC_WARN_64_TO_32_BIT_CONVERSION = YES;
				GCC_WARN_ABOUT_RETURN_TYPE = YES_ERROR;
				GCC_WARN_UNDECLARED_SELECTOR = YES;
				GCC_WARN_UNINITIALIZED_AUTOS = YES_AGGRESSIVE;
				GCC_WARN_UNUSED_FUNCTION = YES;
				GCC_WARN_UNUSED_VARIABLE = YES;
				IPHONEOS_DEPLOYMENT_TARGET = 13.4;
				MTL_ENABLE_DEBUG_INFO = NO;
				MTL_FAST_MATH = YES;
				SDKROOT = iphoneos;
				SWIFT_COMPILATION_MODE = wholemodule;
				SWIFT_OPTIMIZATION_LEVEL = "-O";
				VALIDATE_PRODUCT = YES;
			};
			name = Release;
		};
		96E78B8D245CAC290032F4E3 /* Debug */ = {
			isa = XCBuildConfiguration;
			buildSettings = {
				ASSETCATALOG_COMPILER_APPICON_NAME = AppIcon;
				CODE_SIGN_ENTITLEMENTS = sources/assets/BrickSet.entitlements;
				CODE_SIGN_IDENTITY = "iPhone Developer";
				CODE_SIGN_STYLE = Automatic;
				DEVELOPMENT_ASSET_PATHS = "sources/assets/Preview\\ Content";
				DEVELOPMENT_TEAM = Z22Q8S6MMK;
				ENABLE_PREVIEWS = YES;
				INFOPLIST_FILE = sources/assets/Info.plist;
				LD_RUNPATH_SEARCH_PATHS = (
					"$(inherited)",
					"@executable_path/Frameworks",
				);
				PRODUCT_BUNDLE_IDENTIFIER = family.homework.brickset.dev;
				PRODUCT_NAME = Brickie;
				PROVISIONING_PROFILE_SPECIFIER = "";
				"PROVISIONING_PROFILE_SPECIFIER[sdk=macosx*]" = "";
				SUPPORTS_MACCATALYST = YES;
				SWIFT_VERSION = 5.0;
				TARGETED_DEVICE_FAMILY = "1,2";
			};
			name = Debug;
		};
		96E78B8E245CAC290032F4E3 /* Release */ = {
			isa = XCBuildConfiguration;
			buildSettings = {
				ASSETCATALOG_COMPILER_APPICON_NAME = AppIcon;
				CODE_SIGN_ENTITLEMENTS = sources/assets/BrickSet.entitlements;
				CODE_SIGN_IDENTITY = "iPhone Distribution";
				"CODE_SIGN_IDENTITY[sdk=macosx*]" = "Apple Distribution";
				CODE_SIGN_STYLE = Manual;
				DEVELOPMENT_ASSET_PATHS = "sources/assets/Preview\\ Content";
				DEVELOPMENT_TEAM = Z22Q8S6MMK;
				ENABLE_PREVIEWS = YES;
				INFOPLIST_FILE = sources/assets/Info.plist;
				LD_RUNPATH_SEARCH_PATHS = (
					"$(inherited)",
					"@executable_path/Frameworks",
				);
				PRODUCT_BUNDLE_IDENTIFIER = family.homework.brickset;
				PRODUCT_NAME = Brickie;
				PROVISIONING_PROFILE_SPECIFIER = "match AppStore family.homework.brickset";
				"PROVISIONING_PROFILE_SPECIFIER[sdk=macosx*]" = "Brickset Mac Catalyst";
				SUPPORTS_MACCATALYST = YES;
				SWIFT_VERSION = 5.0;
				TARGETED_DEVICE_FAMILY = "1,2";
			};
			name = Release;
		};
/* End XCBuildConfiguration section */

/* Begin XCConfigurationList section */
		96E78B73245CAC270032F4E3 /* Build configuration list for PBXProject "BrickSet" */ = {
			isa = XCConfigurationList;
			buildConfigurations = (
				96E78B8A245CAC290032F4E3 /* Debug */,
				96E78B8B245CAC290032F4E3 /* Release */,
			);
			defaultConfigurationIsVisible = 0;
			defaultConfigurationName = Release;
		};
		96E78B8C245CAC290032F4E3 /* Build configuration list for PBXNativeTarget "BrickSet" */ = {
			isa = XCConfigurationList;
			buildConfigurations = (
				96E78B8D245CAC290032F4E3 /* Debug */,
				96E78B8E245CAC290032F4E3 /* Release */,
			);
			defaultConfigurationIsVisible = 0;
			defaultConfigurationName = Release;
		};
/* End XCConfigurationList section */

/* Begin XCRemoteSwiftPackageReference section */
		96851E012473389800D9F803 /* XCRemoteSwiftPackageReference "Reachability.swift" */ = {
			isa = XCRemoteSwiftPackageReference;
			repositoryURL = "https://github.com/ashleymills/Reachability.swift.git";
			requirement = {
				kind = upToNextMajorVersion;
				minimumVersion = 5.0.0;
			};
		};
		9694B58924900E21008D0508 /* XCRemoteSwiftPackageReference "SDWebImageSwiftUI" */ = {
			isa = XCRemoteSwiftPackageReference;
			repositoryURL = "https://github.com/SDWebImage/SDWebImageSwiftUI";
			requirement = {
				kind = upToNextMajorVersion;
				minimumVersion = 1.5.0;
			};
		};
		96E78BA2245CC7700032F4E3 /* XCRemoteSwiftPackageReference "keychain-swift" */ = {
			isa = XCRemoteSwiftPackageReference;
			repositoryURL = "https://github.com/evgenyneu/keychain-swift.git";
			requirement = {
				kind = upToNextMajorVersion;
				minimumVersion = 19.0.0;
			};
		};
/* End XCRemoteSwiftPackageReference section */

/* Begin XCSwiftPackageProductDependency section */
		96851E022473389800D9F803 /* Reachability */ = {
			isa = XCSwiftPackageProductDependency;
			package = 96851E012473389800D9F803 /* XCRemoteSwiftPackageReference "Reachability.swift" */;
			productName = Reachability;
		};
		9694B58A24900E21008D0508 /* SDWebImageSwiftUI */ = {
			isa = XCSwiftPackageProductDependency;
			package = 9694B58924900E21008D0508 /* XCRemoteSwiftPackageReference "SDWebImageSwiftUI" */;
			productName = SDWebImageSwiftUI;
		};
		96E78BA3245CC7700032F4E3 /* KeychainSwift */ = {
			isa = XCSwiftPackageProductDependency;
			package = 96E78BA2245CC7700032F4E3 /* XCRemoteSwiftPackageReference "keychain-swift" */;
			productName = KeychainSwift;
		};
/* End XCSwiftPackageProductDependency section */
	};
	rootObject = 96E78B70245CAC270032F4E3 /* Project object */;
}
