// !$*UTF8*$!
{
	archiveVersion = 1;
	classes = {
	};
	objectVersion = 54;
	objects = {

/* Begin PBXBuildFile section */
		960FAD53246709C50064B458 /* BlurredImageView.swift in Sources */ = {isa = PBXBuildFile; fileRef = 960FAD52246709C50064B458 /* BlurredImageView.swift */; };
		960FAD59246729EE0064B458 /* SetEditorView.swift in Sources */ = {isa = PBXBuildFile; fileRef = 960FAD58246729EE0064B458 /* SetEditorView.swift */; };
		960FAD7D24677CAC0064B458 /* SafariView.swift in Sources */ = {isa = PBXBuildFile; fileRef = 960FAD7B24677CAC0064B458 /* SafariView.swift */; };
		960FAD8024677F250064B458 /* PDFKitView.swift in Sources */ = {isa = PBXBuildFile; fileRef = 960FAD7F24677F250064B458 /* PDFKitView.swift */; };
		960FAD8224677FD70064B458 /* PDFView.swift in Sources */ = {isa = PBXBuildFile; fileRef = 960FAD8124677FD70064B458 /* PDFView.swift */; };
		9610E5C82479815F00E31B57 /* FullScreenImageView.swift in Sources */ = {isa = PBXBuildFile; fileRef = 9610E5C72479815F00E31B57 /* FullScreenImageView.swift */; };
		961FC1BD2558770500434E5D /* User.swift in Sources */ = {isa = PBXBuildFile; fileRef = 961FC1BC2558770500434E5D /* User.swift */; };
		9624E38124718DC4002F68F7 /* EnvironmentValues.swift in Sources */ = {isa = PBXBuildFile; fileRef = 9624E37D24718DC4002F68F7 /* EnvironmentValues.swift */; };
		9624E38324718DC4002F68F7 /* Cache.swift in Sources */ = {isa = PBXBuildFile; fileRef = 9624E37F24718DC4002F68F7 /* Cache.swift */; };
		9624E38724719B17002F68F7 /* DataLoader.swift in Sources */ = {isa = PBXBuildFile; fileRef = 9624E38624719B17002F68F7 /* DataLoader.swift */; };
		9624E3892471E66B002F68F7 /* Lego.swift in Sources */ = {isa = PBXBuildFile; fileRef = 9624E3882471E66B002F68F7 /* Lego.swift */; };
		9624E38B2471F2D1002F68F7 /* SetsListView.swift in Sources */ = {isa = PBXBuildFile; fileRef = 9624E38A2471F2D1002F68F7 /* SetsListView.swift */; };
		9624E38D2471F3B5002F68F7 /* FigsListView.swift in Sources */ = {isa = PBXBuildFile; fileRef = 9624E38C2471F3B5002F68F7 /* FigsListView.swift */; };
		9624E38F2471F79B002F68F7 /* RoundedText.swift in Sources */ = {isa = PBXBuildFile; fileRef = 9624E38E2471F79B002F68F7 /* RoundedText.swift */; };
		9624E3912471F904002F68F7 /* MinifigListCell.swift in Sources */ = {isa = PBXBuildFile; fileRef = 9624E3902471F904002F68F7 /* MinifigListCell.swift */; };
		96351F57248BC09700372A03 /* SetsFilteredView.swift in Sources */ = {isa = PBXBuildFile; fileRef = 96351F56248BC09700372A03 /* SetsFilteredView.swift */; };
		96365E6F2468700900F318C3 /* DismissingKeyboardOnSwipe.swift in Sources */ = {isa = PBXBuildFile; fileRef = 96365E6D2468700900F318C3 /* DismissingKeyboardOnSwipe.swift */; };
		96365E712468C5A500F318C3 /* BarButtonModifier.swift in Sources */ = {isa = PBXBuildFile; fileRef = 96365E702468C5A500F318C3 /* BarButtonModifier.swift */; };
		964BA877246A1FFE00984DCC /* Localizable.strings in Resources */ = {isa = PBXBuildFile; fileRef = 964BA879246A1FFE00984DCC /* Localizable.strings */; };
		964BA87F246A34D700984DCC /* Router.swift in Sources */ = {isa = PBXBuildFile; fileRef = 964BA87E246A34D700984DCC /* Router.swift */; };
		967ED17B24607BD4004712DB /* SetListCell.swift in Sources */ = {isa = PBXBuildFile; fileRef = 967ED17A24607BD4004712DB /* SetListCell.swift */; };
		967ED17F24608F9F004712DB /* Legothick.ttf in Resources */ = {isa = PBXBuildFile; fileRef = 967ED17E24608F9F004712DB /* Legothick.ttf */; };
		96851E032473389800D9F803 /* Reachability in Frameworks */ = {isa = PBXBuildFile; productRef = 96851E022473389800D9F803 /* Reachability */; };
		96851E0724734D3A00D9F803 /* MinifigDetailView.swift in Sources */ = {isa = PBXBuildFile; fileRef = 96851E0624734D3A00D9F803 /* MinifigDetailView.swift */; };
		96851E092473569400D9F803 /* MinifigEditorView.swift in Sources */ = {isa = PBXBuildFile; fileRef = 96851E082473569400D9F803 /* MinifigEditorView.swift */; };
		9694B588248FE881008D0508 /* CodeScanner.swift in Sources */ = {isa = PBXBuildFile; fileRef = 9694B587248FE881008D0508 /* CodeScanner.swift */; };
		9694B58B24900E21008D0508 /* SDWebImageSwiftUI in Frameworks */ = {isa = PBXBuildFile; productRef = 9694B58A24900E21008D0508 /* SDWebImageSwiftUI */; };
		96CD88742490F2C100343CB6 /* MinifigFilteredView.swift in Sources */ = {isa = PBXBuildFile; fileRef = 96CD88732490F2C100343CB6 /* MinifigFilteredView.swift */; };
		96D8A83A2558A810008EED7D /* SorterFilterView.swift in Sources */ = {isa = PBXBuildFile; fileRef = 96D8A8392558A810008EED7D /* SorterFilterView.swift */; };
		96DE9245245F34AA00652E0E /* Store.swift in Sources */ = {isa = PBXBuildFile; fileRef = 96DE9244245F34AA00652E0E /* Store.swift */; };
		96DE9247245F3DD800652E0E /* SetDetailView.swift in Sources */ = {isa = PBXBuildFile; fileRef = 96DE9246245F3DD800652E0E /* SetDetailView.swift */; };
		96DE924A245F62FF00652E0E /* RoundedShadowMod.swift in Sources */ = {isa = PBXBuildFile; fileRef = 96DE9249245F62FF00652E0E /* RoundedShadowMod.swift */; };
		96DE924C245F695100652E0E /* Assets.swift in Sources */ = {isa = PBXBuildFile; fileRef = 96DE924B245F695100652E0E /* Assets.swift */; };
		96DE924E245F696700652E0E /* Colors.xcassets in Resources */ = {isa = PBXBuildFile; fileRef = 96DE924D245F696700652E0E /* Colors.xcassets */; };
		96DE9253245F8A6800652E0E /* Blur.swift in Sources */ = {isa = PBXBuildFile; fileRef = 96DE9252245F8A6800652E0E /* Blur.swift */; };
		96DE9256245FA7BC00652E0E /* RoundedCorners.swift in Sources */ = {isa = PBXBuildFile; fileRef = 96DE9255245FA7BC00652E0E /* RoundedCorners.swift */; };
		96E78B82245CAC290032F4E3 /* Assets.xcassets in Resources */ = {isa = PBXBuildFile; fileRef = 96E78B81245CAC290032F4E3 /* Assets.xcassets */; };
		96E78B88245CAC290032F4E3 /* LaunchScreen.storyboard in Resources */ = {isa = PBXBuildFile; fileRef = 96E78B86245CAC290032F4E3 /* LaunchScreen.storyboard */; };
		96E78B95245CADFA0032F4E3 /* LoginView.swift in Sources */ = {isa = PBXBuildFile; fileRef = 96E78B94245CADFA0032F4E3 /* LoginView.swift */; };
		96E78B98245CB1120032F4E3 /* RoundedButtonStyle.swift in Sources */ = {isa = PBXBuildFile; fileRef = 96E78B97245CB1120032F4E3 /* RoundedButtonStyle.swift */; };
		96E78BA1245CC5AA0032F4E3 /* Configuration.swift in Sources */ = {isa = PBXBuildFile; fileRef = 96E78BA0245CC5AA0032F4E3 /* Configuration.swift */; };
		96E78BA4245CC7700032F4E3 /* KeychainSwift in Frameworks */ = {isa = PBXBuildFile; productRef = 96E78BA3245CC7700032F4E3 /* KeychainSwift */; };
		96E78BAE245CCED40032F4E3 /* APIHelpers.swift in Sources */ = {isa = PBXBuildFile; fileRef = 96E78BAD245CCED40032F4E3 /* APIHelpers.swift */; };
		96E78BB2245CD79F0032F4E3 /* Logger.swift in Sources */ = {isa = PBXBuildFile; fileRef = 96E78BB1245CD79F0032F4E3 /* Logger.swift */; };
		96E78BB4245CE61A0032F4E3 /* AppRoot.swift in Sources */ = {isa = PBXBuildFile; fileRef = 96E78BB3245CE61A0032F4E3 /* AppRoot.swift */; };
		96E78BBA245CEA1D0032F4E3 /* SettingsView.swift in Sources */ = {isa = PBXBuildFile; fileRef = 96E78BB9245CEA1D0032F4E3 /* SettingsView.swift */; };
		96E78BBE245CF4BB0032F4E3 /* LegoSet.swift in Sources */ = {isa = PBXBuildFile; fileRef = 96E78BBD245CF4BB0032F4E3 /* LegoSet.swift */; };
		96E78BC2245D15220032F4E3 /* Secrets.swift in Sources */ = {isa = PBXBuildFile; fileRef = 96E78BC1245D15220032F4E3 /* Secrets.swift */; };
		96EBF9252551E384004C1786 /* App.swift in Sources */ = {isa = PBXBuildFile; fileRef = 96EBF9242551E384004C1786 /* App.swift */; };
		96ED04D6246823DA00C3A8BA /* LegoMinifig.swift in Sources */ = {isa = PBXBuildFile; fileRef = 96ED04D5246823DA00C3A8BA /* LegoMinifig.swift */; };
		B3220B6327A0A8D00058F63F /* NotesView.swift in Sources */ = {isa = PBXBuildFile; fileRef = B3220B6227A0A8D00058F63F /* NotesView.swift */; };
		B32A5D4927BDB0C300DAF7F1 /* String+Ext.swift in Sources */ = {isa = PBXBuildFile; fileRef = B32A5D4827BDB0C300DAF7F1 /* String+Ext.swift */; };
		B32A5D4D27BDB3C100DAF7F1 /* ThumbnailView.swift in Sources */ = {isa = PBXBuildFile; fileRef = B32A5D4C27BDB3C100DAF7F1 /* ThumbnailView.swift */; };
		B32A5D4F27BDB78A00DAF7F1 /* LegoTitleView.swift in Sources */ = {isa = PBXBuildFile; fileRef = B32A5D4E27BDB78A00DAF7F1 /* LegoTitleView.swift */; };
		B32A5D5127BDBA6900DAF7F1 /* LinkView.swift in Sources */ = {isa = PBXBuildFile; fileRef = B32A5D5027BDBA6900DAF7F1 /* LinkView.swift */; };
		B32A5D5327BDD49C00DAF7F1 /* TitleView.swift in Sources */ = {isa = PBXBuildFile; fileRef = B32A5D5227BDD49C00DAF7F1 /* TitleView.swift */; };
		B32A5D5527BDD68400DAF7F1 /* SetAddtionnalImagesView.swift in Sources */ = {isa = PBXBuildFile; fileRef = B32A5D5427BDD68400DAF7F1 /* SetAddtionnalImagesView.swift */; };
		B32BA81027864FEB00F0A8AD /* RatingView.swift in Sources */ = {isa = PBXBuildFile; fileRef = B32BA80F27864FEB00F0A8AD /* RatingView.swift */; };
		B32BA8122786601100F0A8AD /* LegoSet+Subclass.swift in Sources */ = {isa = PBXBuildFile; fileRef = B32BA8112786601100F0A8AD /* LegoSet+Subclass.swift */; };
		B361BEC527B3338200FD4A4A /* WelcomeItemView.swift in Sources */ = {isa = PBXBuildFile; fileRef = B361BEC427B3338200FD4A4A /* WelcomeItemView.swift */; };
		B36981C626AF158C00046AA3 /* APIIssueView.swift in Sources */ = {isa = PBXBuildFile; fileRef = B36981C526AF158C00046AA3 /* APIIssueView.swift */; };
		B3831BA4278F5FD9000301FC /* TextView.swift in Sources */ = {isa = PBXBuildFile; fileRef = B3831BA3278F5FD9000301FC /* TextView.swift */; };
		B3900DD62784EDAD002D228A /* MPLUSRounded1c-Black.ttf in Resources */ = {isa = PBXBuildFile; fileRef = B3900DD52784EDAD002D228A /* MPLUSRounded1c-Black.ttf */; };
		B3900DDA2784FFA9002D228A /* LegoTheme.swift in Sources */ = {isa = PBXBuildFile; fileRef = B3900DD92784FFA9002D228A /* LegoTheme.swift */; };
		B3A0BB3C26B2C9CF00A68341 /* Static.swift in Sources */ = {isa = PBXBuildFile; fileRef = B3A0BB3B26B2C9CF00A68341 /* Static.swift */; };
		B3B580F6278F784300D543B7 /* MinifigNote.swift in Sources */ = {isa = PBXBuildFile; fileRef = B3B580F5278F784300D543B7 /* MinifigNote.swift */; };
		B3BA1661271603A8001292CC /* NakedList.swift in Sources */ = {isa = PBXBuildFile; fileRef = B3BA1660271603A8001292CC /* NakedList.swift */; };
		B3BA166327160C95001292CC /* SwipeActionsMenu.swift in Sources */ = {isa = PBXBuildFile; fileRef = B3BA166227160C95001292CC /* SwipeActionsMenu.swift */; };
		B3D827DD2572ACF500CAC606 /* Enums.swift in Sources */ = {isa = PBXBuildFile; fileRef = B3D827DC2572ACF500CAC606 /* Enums.swift */; };
		B3D827E82573BF5800CAC606 /* SetsView.swift in Sources */ = {isa = PBXBuildFile; fileRef = B3D827E72573BF5800CAC606 /* SetsView.swift */; };
		B3D827EB2573BF8B00CAC606 /* FirstSyncView.swift in Sources */ = {isa = PBXBuildFile; fileRef = B3D827EA2573BF8B00CAC606 /* FirstSyncView.swift */; };
		B3D827EF2573C4FE00CAC606 /* FigsView.swift in Sources */ = {isa = PBXBuildFile; fileRef = B3D827EE2573C4FE00CAC606 /* FigsView.swift */; };
		B3D827FA2573D2F000CAC606 /* DisplayModeView.swift in Sources */ = {isa = PBXBuildFile; fileRef = B3D827F92573D2F000CAC606 /* DisplayModeView.swift */; };
		B3D828042573D97500CAC606 /* FigsGridCell.swift in Sources */ = {isa = PBXBuildFile; fileRef = B3D828032573D97500CAC606 /* FigsGridCell.swift */; };
		B3D828072573DA3B00CAC606 /* PastilView.swift in Sources */ = {isa = PBXBuildFile; fileRef = B3D828062573DA3B00CAC606 /* PastilView.swift */; };
		B3D8280A2573F1C000CAC606 /* CellContextMenu.swift in Sources */ = {isa = PBXBuildFile; fileRef = B3D828092573F1C000CAC606 /* CellContextMenu.swift */; };
		B3DBB6B327B1EA9400A66445 /* URLSession+DataTaskProgressPublisher.swift in Sources */ = {isa = PBXBuildFile; fileRef = B3DBB6B227B1EA9400A66445 /* URLSession+DataTaskProgressPublisher.swift */; };
		B3F456B727B1404C00E3BDFA /* WelcomeView.swift in Sources */ = {isa = PBXBuildFile; fileRef = B3F456B627B1404C00E3BDFA /* WelcomeView.swift */; };
		D3109594277E405B001D7721 /* PreviewStore.swift in Sources */ = {isa = PBXBuildFile; fileRef = D3109593277E405B001D7721 /* PreviewStore.swift */; };
		EE8CF93D296A24EB00E71D0C /* RouterTests.swift in Sources */ = {isa = PBXBuildFile; fileRef = EE8CF93C296A24EB00E71D0C /* RouterTests.swift */; };
		EE8CF944296A281A00E71D0C /* SecretsConfiguration.swift in Sources */ = {isa = PBXBuildFile; fileRef = EE8CF943296A281A00E71D0C /* SecretsConfiguration.swift */; };
		EE8CF949296A310600E71D0C /* SDWebImageSwiftUI in Frameworks */ = {isa = PBXBuildFile; productRef = EE8CF948296A310600E71D0C /* SDWebImageSwiftUI */; };
/* End PBXBuildFile section */

/* Begin PBXContainerItemProxy section */
		EE8CF93E296A24EB00E71D0C /* PBXContainerItemProxy */ = {
			isa = PBXContainerItemProxy;
			containerPortal = 96E78B70245CAC270032F4E3 /* Project object */;
			proxyType = 1;
			remoteGlobalIDString = 96E78B77245CAC270032F4E3;
			remoteInfo = Brickie;
		};
/* End PBXContainerItemProxy section */

/* Begin PBXFileReference section */
		960FAD52246709C50064B458 /* BlurredImageView.swift */ = {isa = PBXFileReference; lastKnownFileType = sourcecode.swift; path = BlurredImageView.swift; sourceTree = "<group>"; };
		960FAD58246729EE0064B458 /* SetEditorView.swift */ = {isa = PBXFileReference; lastKnownFileType = sourcecode.swift; path = SetEditorView.swift; sourceTree = "<group>"; };
		960FAD7B24677CAC0064B458 /* SafariView.swift */ = {isa = PBXFileReference; fileEncoding = 4; lastKnownFileType = sourcecode.swift; path = SafariView.swift; sourceTree = "<group>"; };
		960FAD7F24677F250064B458 /* PDFKitView.swift */ = {isa = PBXFileReference; lastKnownFileType = sourcecode.swift; path = PDFKitView.swift; sourceTree = "<group>"; };
		960FAD8124677FD70064B458 /* PDFView.swift */ = {isa = PBXFileReference; lastKnownFileType = sourcecode.swift; path = PDFView.swift; sourceTree = "<group>"; };
		9610E5C72479815F00E31B57 /* FullScreenImageView.swift */ = {isa = PBXFileReference; lastKnownFileType = sourcecode.swift; path = FullScreenImageView.swift; sourceTree = "<group>"; };
		961FC1BC2558770500434E5D /* User.swift */ = {isa = PBXFileReference; lastKnownFileType = sourcecode.swift; path = User.swift; sourceTree = "<group>"; };
		9624E37D24718DC4002F68F7 /* EnvironmentValues.swift */ = {isa = PBXFileReference; fileEncoding = 4; lastKnownFileType = sourcecode.swift; path = EnvironmentValues.swift; sourceTree = "<group>"; };
		9624E37F24718DC4002F68F7 /* Cache.swift */ = {isa = PBXFileReference; fileEncoding = 4; lastKnownFileType = sourcecode.swift; path = Cache.swift; sourceTree = "<group>"; };
		9624E38624719B17002F68F7 /* DataLoader.swift */ = {isa = PBXFileReference; fileEncoding = 4; lastKnownFileType = sourcecode.swift; path = DataLoader.swift; sourceTree = "<group>"; };
		9624E3882471E66B002F68F7 /* Lego.swift */ = {isa = PBXFileReference; lastKnownFileType = sourcecode.swift; path = Lego.swift; sourceTree = "<group>"; };
		9624E38A2471F2D1002F68F7 /* SetsListView.swift */ = {isa = PBXFileReference; lastKnownFileType = sourcecode.swift; path = SetsListView.swift; sourceTree = "<group>"; };
		9624E38C2471F3B5002F68F7 /* FigsListView.swift */ = {isa = PBXFileReference; fileEncoding = 4; lastKnownFileType = sourcecode.swift; path = FigsListView.swift; sourceTree = "<group>"; };
		9624E38E2471F79B002F68F7 /* RoundedText.swift */ = {isa = PBXFileReference; lastKnownFileType = sourcecode.swift; path = RoundedText.swift; sourceTree = "<group>"; };
		9624E3902471F904002F68F7 /* MinifigListCell.swift */ = {isa = PBXFileReference; lastKnownFileType = sourcecode.swift; path = MinifigListCell.swift; sourceTree = "<group>"; };
		96351F56248BC09700372A03 /* SetsFilteredView.swift */ = {isa = PBXFileReference; lastKnownFileType = sourcecode.swift; path = SetsFilteredView.swift; sourceTree = "<group>"; };
		96365E6D2468700900F318C3 /* DismissingKeyboardOnSwipe.swift */ = {isa = PBXFileReference; fileEncoding = 4; lastKnownFileType = sourcecode.swift; path = DismissingKeyboardOnSwipe.swift; sourceTree = "<group>"; };
		96365E702468C5A500F318C3 /* BarButtonModifier.swift */ = {isa = PBXFileReference; lastKnownFileType = sourcecode.swift; path = BarButtonModifier.swift; sourceTree = "<group>"; };
		964BA878246A1FFE00984DCC /* en */ = {isa = PBXFileReference; lastKnownFileType = text.plist.strings; name = en; path = en.lproj/Localizable.strings; sourceTree = "<group>"; };
		964BA87A246A200700984DCC /* fr */ = {isa = PBXFileReference; lastKnownFileType = text.plist.strings; name = fr; path = fr.lproj/Localizable.strings; sourceTree = "<group>"; };
		964BA87E246A34D700984DCC /* Router.swift */ = {isa = PBXFileReference; lastKnownFileType = sourcecode.swift; path = Router.swift; sourceTree = "<group>"; };
		967ED17A24607BD4004712DB /* SetListCell.swift */ = {isa = PBXFileReference; lastKnownFileType = sourcecode.swift; path = SetListCell.swift; sourceTree = "<group>"; };
		967ED17E24608F9F004712DB /* Legothick.ttf */ = {isa = PBXFileReference; lastKnownFileType = file; path = Legothick.ttf; sourceTree = "<group>"; };
		96851E0624734D3A00D9F803 /* MinifigDetailView.swift */ = {isa = PBXFileReference; lastKnownFileType = sourcecode.swift; path = MinifigDetailView.swift; sourceTree = "<group>"; };
		96851E082473569400D9F803 /* MinifigEditorView.swift */ = {isa = PBXFileReference; lastKnownFileType = sourcecode.swift; path = MinifigEditorView.swift; sourceTree = "<group>"; };
		9694B587248FE881008D0508 /* CodeScanner.swift */ = {isa = PBXFileReference; fileEncoding = 4; lastKnownFileType = sourcecode.swift; path = CodeScanner.swift; sourceTree = "<group>"; };
		96CD88732490F2C100343CB6 /* MinifigFilteredView.swift */ = {isa = PBXFileReference; fileEncoding = 4; lastKnownFileType = sourcecode.swift; path = MinifigFilteredView.swift; sourceTree = "<group>"; };
		96D8A8392558A810008EED7D /* SorterFilterView.swift */ = {isa = PBXFileReference; lastKnownFileType = sourcecode.swift; path = SorterFilterView.swift; sourceTree = "<group>"; };
		96DE9244245F34AA00652E0E /* Store.swift */ = {isa = PBXFileReference; lastKnownFileType = sourcecode.swift; path = Store.swift; sourceTree = "<group>"; };
		96DE9246245F3DD800652E0E /* SetDetailView.swift */ = {isa = PBXFileReference; lastKnownFileType = sourcecode.swift; path = SetDetailView.swift; sourceTree = "<group>"; };
		96DE9249245F62FF00652E0E /* RoundedShadowMod.swift */ = {isa = PBXFileReference; lastKnownFileType = sourcecode.swift; path = RoundedShadowMod.swift; sourceTree = "<group>"; };
		96DE924B245F695100652E0E /* Assets.swift */ = {isa = PBXFileReference; lastKnownFileType = sourcecode.swift; path = Assets.swift; sourceTree = "<group>"; };
		96DE924D245F696700652E0E /* Colors.xcassets */ = {isa = PBXFileReference; lastKnownFileType = folder.assetcatalog; path = Colors.xcassets; sourceTree = "<group>"; };
		96DE9252245F8A6800652E0E /* Blur.swift */ = {isa = PBXFileReference; lastKnownFileType = sourcecode.swift; path = Blur.swift; sourceTree = "<group>"; };
		96DE9255245FA7BC00652E0E /* RoundedCorners.swift */ = {isa = PBXFileReference; lastKnownFileType = sourcecode.swift; path = RoundedCorners.swift; sourceTree = "<group>"; };
		96E78B78245CAC270032F4E3 /* Brickie.app */ = {isa = PBXFileReference; explicitFileType = wrapper.application; includeInIndex = 0; path = Brickie.app; sourceTree = BUILT_PRODUCTS_DIR; };
		96E78B81245CAC290032F4E3 /* Assets.xcassets */ = {isa = PBXFileReference; lastKnownFileType = folder.assetcatalog; path = Assets.xcassets; sourceTree = "<group>"; };
		96E78B87245CAC290032F4E3 /* Base */ = {isa = PBXFileReference; lastKnownFileType = file.storyboard; name = Base; path = Base.lproj/LaunchScreen.storyboard; sourceTree = "<group>"; };
		96E78B89245CAC290032F4E3 /* Info.plist */ = {isa = PBXFileReference; lastKnownFileType = text.plist.xml; path = Info.plist; sourceTree = "<group>"; };
		96E78B8F245CAC420032F4E3 /* BrickSet.entitlements */ = {isa = PBXFileReference; lastKnownFileType = text.plist.entitlements; path = BrickSet.entitlements; sourceTree = "<group>"; };
		96E78B94245CADFA0032F4E3 /* LoginView.swift */ = {isa = PBXFileReference; lastKnownFileType = sourcecode.swift; path = LoginView.swift; sourceTree = "<group>"; };
		96E78B97245CB1120032F4E3 /* RoundedButtonStyle.swift */ = {isa = PBXFileReference; lastKnownFileType = sourcecode.swift; path = RoundedButtonStyle.swift; sourceTree = "<group>"; };
		96E78BA0245CC5AA0032F4E3 /* Configuration.swift */ = {isa = PBXFileReference; lastKnownFileType = sourcecode.swift; path = Configuration.swift; sourceTree = "<group>"; };
		96E78BAD245CCED40032F4E3 /* APIHelpers.swift */ = {isa = PBXFileReference; lastKnownFileType = sourcecode.swift; path = APIHelpers.swift; sourceTree = "<group>"; };
		96E78BB1245CD79F0032F4E3 /* Logger.swift */ = {isa = PBXFileReference; fileEncoding = 4; lastKnownFileType = sourcecode.swift; path = Logger.swift; sourceTree = "<group>"; };
		96E78BB3245CE61A0032F4E3 /* AppRoot.swift */ = {isa = PBXFileReference; lastKnownFileType = sourcecode.swift; path = AppRoot.swift; sourceTree = "<group>"; };
		96E78BB9245CEA1D0032F4E3 /* SettingsView.swift */ = {isa = PBXFileReference; lastKnownFileType = sourcecode.swift; path = SettingsView.swift; sourceTree = "<group>"; };
		96E78BBD245CF4BB0032F4E3 /* LegoSet.swift */ = {isa = PBXFileReference; lastKnownFileType = sourcecode.swift; path = LegoSet.swift; sourceTree = "<group>"; };
		96E78BC1245D15220032F4E3 /* Secrets.swift */ = {isa = PBXFileReference; lastKnownFileType = sourcecode.swift; path = Secrets.swift; sourceTree = "<group>"; };
		96EBF9242551E384004C1786 /* App.swift */ = {isa = PBXFileReference; lastKnownFileType = sourcecode.swift; path = App.swift; sourceTree = "<group>"; };
		96ED04D5246823DA00C3A8BA /* LegoMinifig.swift */ = {isa = PBXFileReference; lastKnownFileType = sourcecode.swift; path = LegoMinifig.swift; sourceTree = "<group>"; };
		B3220B6227A0A8D00058F63F /* NotesView.swift */ = {isa = PBXFileReference; lastKnownFileType = sourcecode.swift; path = NotesView.swift; sourceTree = "<group>"; };
		B32A5D4827BDB0C300DAF7F1 /* String+Ext.swift */ = {isa = PBXFileReference; lastKnownFileType = sourcecode.swift; path = "String+Ext.swift"; sourceTree = "<group>"; };
		B32A5D4C27BDB3C100DAF7F1 /* ThumbnailView.swift */ = {isa = PBXFileReference; lastKnownFileType = sourcecode.swift; path = ThumbnailView.swift; sourceTree = "<group>"; };
		B32A5D4E27BDB78A00DAF7F1 /* LegoTitleView.swift */ = {isa = PBXFileReference; lastKnownFileType = sourcecode.swift; path = LegoTitleView.swift; sourceTree = "<group>"; };
		B32A5D5027BDBA6900DAF7F1 /* LinkView.swift */ = {isa = PBXFileReference; lastKnownFileType = sourcecode.swift; path = LinkView.swift; sourceTree = "<group>"; };
		B32A5D5227BDD49C00DAF7F1 /* TitleView.swift */ = {isa = PBXFileReference; lastKnownFileType = sourcecode.swift; path = TitleView.swift; sourceTree = "<group>"; };
		B32A5D5427BDD68400DAF7F1 /* SetAddtionnalImagesView.swift */ = {isa = PBXFileReference; lastKnownFileType = sourcecode.swift; path = SetAddtionnalImagesView.swift; sourceTree = "<group>"; };
		B32BA80F27864FEB00F0A8AD /* RatingView.swift */ = {isa = PBXFileReference; lastKnownFileType = sourcecode.swift; path = RatingView.swift; sourceTree = "<group>"; };
		B32BA8112786601100F0A8AD /* LegoSet+Subclass.swift */ = {isa = PBXFileReference; lastKnownFileType = sourcecode.swift; path = "LegoSet+Subclass.swift"; sourceTree = "<group>"; };
		B361BEC427B3338200FD4A4A /* WelcomeItemView.swift */ = {isa = PBXFileReference; lastKnownFileType = sourcecode.swift; path = WelcomeItemView.swift; sourceTree = "<group>"; };
		B36981C526AF158C00046AA3 /* APIIssueView.swift */ = {isa = PBXFileReference; lastKnownFileType = sourcecode.swift; path = APIIssueView.swift; sourceTree = "<group>"; };
		B3831BA3278F5FD9000301FC /* TextView.swift */ = {isa = PBXFileReference; lastKnownFileType = sourcecode.swift; path = TextView.swift; sourceTree = "<group>"; };
		B3900DD52784EDAD002D228A /* MPLUSRounded1c-Black.ttf */ = {isa = PBXFileReference; lastKnownFileType = file; path = "MPLUSRounded1c-Black.ttf"; sourceTree = "<group>"; };
		B3900DD92784FFA9002D228A /* LegoTheme.swift */ = {isa = PBXFileReference; lastKnownFileType = sourcecode.swift; path = LegoTheme.swift; sourceTree = "<group>"; };
		B3A0BB3B26B2C9CF00A68341 /* Static.swift */ = {isa = PBXFileReference; lastKnownFileType = sourcecode.swift; path = Static.swift; sourceTree = "<group>"; };
		B3A0BB3D26B36FEC00A68341 /* CHANGELOG.md */ = {isa = PBXFileReference; lastKnownFileType = net.daringfireball.markdown; path = CHANGELOG.md; sourceTree = "<group>"; };
		B3B580F5278F784300D543B7 /* MinifigNote.swift */ = {isa = PBXFileReference; lastKnownFileType = sourcecode.swift; path = MinifigNote.swift; sourceTree = "<group>"; };
		B3BA1660271603A8001292CC /* NakedList.swift */ = {isa = PBXFileReference; lastKnownFileType = sourcecode.swift; path = NakedList.swift; sourceTree = "<group>"; };
		B3BA166227160C95001292CC /* SwipeActionsMenu.swift */ = {isa = PBXFileReference; lastKnownFileType = sourcecode.swift; path = SwipeActionsMenu.swift; sourceTree = "<group>"; };
		B3D827DC2572ACF500CAC606 /* Enums.swift */ = {isa = PBXFileReference; lastKnownFileType = sourcecode.swift; path = Enums.swift; sourceTree = "<group>"; };
		B3D827E72573BF5800CAC606 /* SetsView.swift */ = {isa = PBXFileReference; lastKnownFileType = sourcecode.swift; path = SetsView.swift; sourceTree = "<group>"; };
		B3D827EA2573BF8B00CAC606 /* FirstSyncView.swift */ = {isa = PBXFileReference; lastKnownFileType = sourcecode.swift; path = FirstSyncView.swift; sourceTree = "<group>"; };
		B3D827EE2573C4FE00CAC606 /* FigsView.swift */ = {isa = PBXFileReference; lastKnownFileType = sourcecode.swift; path = FigsView.swift; sourceTree = "<group>"; };
		B3D827F92573D2F000CAC606 /* DisplayModeView.swift */ = {isa = PBXFileReference; lastKnownFileType = sourcecode.swift; path = DisplayModeView.swift; sourceTree = "<group>"; };
		B3D828032573D97500CAC606 /* FigsGridCell.swift */ = {isa = PBXFileReference; lastKnownFileType = sourcecode.swift; path = FigsGridCell.swift; sourceTree = "<group>"; };
		B3D828062573DA3B00CAC606 /* PastilView.swift */ = {isa = PBXFileReference; lastKnownFileType = sourcecode.swift; path = PastilView.swift; sourceTree = "<group>"; };
		B3D828092573F1C000CAC606 /* CellContextMenu.swift */ = {isa = PBXFileReference; lastKnownFileType = sourcecode.swift; path = CellContextMenu.swift; sourceTree = "<group>"; };
		B3DBB6B227B1EA9400A66445 /* URLSession+DataTaskProgressPublisher.swift */ = {isa = PBXFileReference; lastKnownFileType = sourcecode.swift; path = "URLSession+DataTaskProgressPublisher.swift"; sourceTree = "<group>"; };
		B3F456B627B1404C00E3BDFA /* WelcomeView.swift */ = {isa = PBXFileReference; lastKnownFileType = sourcecode.swift; path = WelcomeView.swift; sourceTree = "<group>"; };
		B3F688E427178B2700962062 /* README.md */ = {isa = PBXFileReference; lastKnownFileType = net.daringfireball.markdown; path = README.md; sourceTree = "<group>"; };
		D3109593277E405B001D7721 /* PreviewStore.swift */ = {isa = PBXFileReference; lastKnownFileType = sourcecode.swift; path = PreviewStore.swift; sourceTree = "<group>"; };
		D3A19DE3278799AD009959DC /* Debug.xcconfig */ = {isa = PBXFileReference; lastKnownFileType = text.xcconfig; path = Debug.xcconfig; sourceTree = "<group>"; };
		EE8CF93A296A24EB00E71D0C /* BrickieTests.xctest */ = {isa = PBXFileReference; explicitFileType = wrapper.cfbundle; includeInIndex = 0; path = BrickieTests.xctest; sourceTree = BUILT_PRODUCTS_DIR; };
		EE8CF93C296A24EB00E71D0C /* RouterTests.swift */ = {isa = PBXFileReference; lastKnownFileType = sourcecode.swift; path = RouterTests.swift; sourceTree = "<group>"; };
		EE8CF943296A281A00E71D0C /* SecretsConfiguration.swift */ = {isa = PBXFileReference; lastKnownFileType = sourcecode.swift; path = SecretsConfiguration.swift; sourceTree = "<group>"; };
/* End PBXFileReference section */

/* Begin PBXFrameworksBuildPhase section */
		96E78B75245CAC270032F4E3 /* Frameworks */ = {
			isa = PBXFrameworksBuildPhase;
			buildActionMask = 2147483647;
			files = (
				9694B58B24900E21008D0508 /* SDWebImageSwiftUI in Frameworks */,
				96E78BA4245CC7700032F4E3 /* KeychainSwift in Frameworks */,
				96851E032473389800D9F803 /* Reachability in Frameworks */,
			);
			runOnlyForDeploymentPostprocessing = 0;
		};
		EE8CF937296A24EB00E71D0C /* Frameworks */ = {
			isa = PBXFrameworksBuildPhase;
			buildActionMask = 2147483647;
			files = (
				EE8CF949296A310600E71D0C /* SDWebImageSwiftUI in Frameworks */,
			);
			runOnlyForDeploymentPostprocessing = 0;
		};
/* End PBXFrameworksBuildPhase section */

/* Begin PBXGroup section */
		960FAD7A24677CAC0064B458 /* representables */ = {
			isa = PBXGroup;
			children = (
				960FAD7B24677CAC0064B458 /* SafariView.swift */,
				960FAD7F24677F250064B458 /* PDFKitView.swift */,
			);
			path = representables;
			sourceTree = "<group>";
		};
		9624E38524718FE4002F68F7 /* Cache */ = {
			isa = PBXGroup;
			children = (
				9624E37F24718DC4002F68F7 /* Cache.swift */,
				9624E37D24718DC4002F68F7 /* EnvironmentValues.swift */,
			);
			path = Cache;
			sourceTree = "<group>";
		};
		964BA87B246A349B00984DCC /* data */ = {
			isa = PBXGroup;
			children = (
				96E78BBD245CF4BB0032F4E3 /* LegoSet.swift */,
				B32BA8112786601100F0A8AD /* LegoSet+Subclass.swift */,
				96ED04D5246823DA00C3A8BA /* LegoMinifig.swift */,
				9624E3882471E66B002F68F7 /* Lego.swift */,
				961FC1BC2558770500434E5D /* User.swift */,
				B3900DD92784FFA9002D228A /* LegoTheme.swift */,
				B3B580F5278F784300D543B7 /* MinifigNote.swift */,
			);
			path = data;
			sourceTree = "<group>";
		};
		964BA87C246A34AD00984DCC /* APIs */ = {
			isa = PBXGroup;
			children = (
				96E78BAD245CCED40032F4E3 /* APIHelpers.swift */,
				964BA87E246A34D700984DCC /* Router.swift */,
			);
			path = APIs;
			sourceTree = "<group>";
		};
		964BA87D246A34C400984DCC /* Publishers */ = {
			isa = PBXGroup;
			children = (
				9624E38624719B17002F68F7 /* DataLoader.swift */,
				96E78BA0245CC5AA0032F4E3 /* Configuration.swift */,
				96DE9244245F34AA00652E0E /* Store.swift */,
			);
			path = Publishers;
			sourceTree = "<group>";
		};
		96DE9241245F31A800652E0E /* Preview Content */ = {
			isa = PBXGroup;
			children = (
				D3109593277E405B001D7721 /* PreviewStore.swift */,
			);
			path = "Preview Content";
			sourceTree = "<group>";
		};
		96DE9248245F62E300652E0E /* Modifier and Accessories */ = {
			isa = PBXGroup;
			children = (
				96365E6D2468700900F318C3 /* DismissingKeyboardOnSwipe.swift */,
				96DE9252245F8A6800652E0E /* Blur.swift */,
				96E78B97245CB1120032F4E3 /* RoundedButtonStyle.swift */,
				96DE9249245F62FF00652E0E /* RoundedShadowMod.swift */,
				960FAD52246709C50064B458 /* BlurredImageView.swift */,
				96DE9255245FA7BC00652E0E /* RoundedCorners.swift */,
				96365E702468C5A500F318C3 /* BarButtonModifier.swift */,
				9624E38E2471F79B002F68F7 /* RoundedText.swift */,
				B3BA1660271603A8001292CC /* NakedList.swift */,
			);
			path = "Modifier and Accessories";
			sourceTree = "<group>";
		};
		96DE9257245FB48D00652E0E /* SetList */ = {
			isa = PBXGroup;
			children = (
				B3D827E72573BF5800CAC606 /* SetsView.swift */,
				9624E38A2471F2D1002F68F7 /* SetsListView.swift */,
				967ED17A24607BD4004712DB /* SetListCell.swift */,
				9694B587248FE881008D0508 /* CodeScanner.swift */,
				B3D827E22573BF0000CAC606 /* Details */,
			);
			path = SetList;
			sourceTree = "<group>";
		};
		96E78B6F245CAC270032F4E3 = {
			isa = PBXGroup;
			children = (
				B3A0BB3D26B36FEC00A68341 /* CHANGELOG.md */,
				B3F688E427178B2700962062 /* README.md */,
				D3A19DE3278799AD009959DC /* Debug.xcconfig */,
				96E78B7A245CAC270032F4E3 /* sources */,
				EE8CF93B296A24EB00E71D0C /* BrickieTests */,
				96E78B79245CAC270032F4E3 /* Products */,
				EE8CF945296A305900E71D0C /* Frameworks */,
			);
			sourceTree = "<group>";
		};
		96E78B79245CAC270032F4E3 /* Products */ = {
			isa = PBXGroup;
			children = (
				96E78B78245CAC270032F4E3 /* Brickie.app */,
				EE8CF93A296A24EB00E71D0C /* BrickieTests.xctest */,
			);
			name = Products;
			sourceTree = "<group>";
		};
		96E78B7A245CAC270032F4E3 /* sources */ = {
			isa = PBXGroup;
			children = (
				96E78B93245CACC40032F4E3 /* assets */,
				96E78B92245CACB20032F4E3 /* base */,
				96E78B90245CACA20032F4E3 /* model */,
				96E78B91245CACA80032F4E3 /* views */,
			);
			path = sources;
			sourceTree = "<group>";
		};
		96E78B90245CACA20032F4E3 /* model */ = {
			isa = PBXGroup;
			children = (
				B3DBB6B127B1EA7C00A66445 /* Extensions */,
				9624E38524718FE4002F68F7 /* Cache */,
				964BA87D246A34C400984DCC /* Publishers */,
				964BA87C246A34AD00984DCC /* APIs */,
				964BA87B246A349B00984DCC /* data */,
				96E78BC1245D15220032F4E3 /* Secrets.swift */,
				EE8CF943296A281A00E71D0C /* SecretsConfiguration.swift */,
			);
			path = model;
			sourceTree = "<group>";
		};
		96E78B91245CACA80032F4E3 /* views */ = {
			isa = PBXGroup;
			children = (
				96E78BB3245CE61A0032F4E3 /* AppRoot.swift */,
				96E78B94245CADFA0032F4E3 /* LoginView.swift */,
				B3D827E62573BF2500CAC606 /* Reusable */,
				960FAD7A24677CAC0064B458 /* representables */,
				96DE9248245F62E300652E0E /* Modifier and Accessories */,
				96DE9257245FB48D00652E0E /* SetList */,
				96ED04D4246823BD00C3A8BA /* Minifig */,
				B361BEC327B3336900FD4A4A /* Welcome */,
				96E78BB9245CEA1D0032F4E3 /* SettingsView.swift */,
				B36981C526AF158C00046AA3 /* APIIssueView.swift */,
			);
			path = views;
			sourceTree = "<group>";
		};
		96E78B92245CACB20032F4E3 /* base */ = {
			isa = PBXGroup;
			children = (
				96E78BB1245CD79F0032F4E3 /* Logger.swift */,
				96EBF9242551E384004C1786 /* App.swift */,
				B3D827DC2572ACF500CAC606 /* Enums.swift */,
				B3A0BB3B26B2C9CF00A68341 /* Static.swift */,
			);
			path = base;
			sourceTree = "<group>";
		};
		96E78B93245CACC40032F4E3 /* assets */ = {
			isa = PBXGroup;
			children = (
				964BA879246A1FFE00984DCC /* Localizable.strings */,
				96DE9241245F31A800652E0E /* Preview Content */,
				96E78B8F245CAC420032F4E3 /* BrickSet.entitlements */,
				96E78B86245CAC290032F4E3 /* LaunchScreen.storyboard */,
				96E78B89245CAC290032F4E3 /* Info.plist */,
				96DE924B245F695100652E0E /* Assets.swift */,
				B3900DCC2784CF7B002D228A /* fonts */,
				96E78B81245CAC290032F4E3 /* Assets.xcassets */,
				96DE924D245F696700652E0E /* Colors.xcassets */,
			);
			path = assets;
			sourceTree = "<group>";
		};
		96ED04D4246823BD00C3A8BA /* Minifig */ = {
			isa = PBXGroup;
			children = (
				B3D827EE2573C4FE00CAC606 /* FigsView.swift */,
				9624E38C2471F3B5002F68F7 /* FigsListView.swift */,
				9624E3902471F904002F68F7 /* MinifigListCell.swift */,
				B3D828032573D97500CAC606 /* FigsGridCell.swift */,
				B3D827E42573BF0E00CAC606 /* Details */,
			);
			path = Minifig;
			sourceTree = "<group>";
		};
		B361BEC327B3336900FD4A4A /* Welcome */ = {
			isa = PBXGroup;
			children = (
				B3F456B627B1404C00E3BDFA /* WelcomeView.swift */,
				B361BEC427B3338200FD4A4A /* WelcomeItemView.swift */,
			);
			path = Welcome;
			sourceTree = "<group>";
		};
		B3900DCC2784CF7B002D228A /* fonts */ = {
			isa = PBXGroup;
			children = (
				B3900DD52784EDAD002D228A /* MPLUSRounded1c-Black.ttf */,
				967ED17E24608F9F004712DB /* Legothick.ttf */,
			);
			path = fonts;
			sourceTree = "<group>";
		};
		B3D827E22573BF0000CAC606 /* Details */ = {
			isa = PBXGroup;
			children = (
				96DE9246245F3DD800652E0E /* SetDetailView.swift */,
				960FAD8124677FD70064B458 /* PDFView.swift */,
				960FAD58246729EE0064B458 /* SetEditorView.swift */,
				96351F56248BC09700372A03 /* SetsFilteredView.swift */,
				9610E5C72479815F00E31B57 /* FullScreenImageView.swift */,
				B32BA80F27864FEB00F0A8AD /* RatingView.swift */,
				B32A5D5427BDD68400DAF7F1 /* SetAddtionnalImagesView.swift */,
			);
			path = Details;
			sourceTree = "<group>";
		};
		B3D827E42573BF0E00CAC606 /* Details */ = {
			isa = PBXGroup;
			children = (
				96851E0624734D3A00D9F803 /* MinifigDetailView.swift */,
				96CD88732490F2C100343CB6 /* MinifigFilteredView.swift */,
				96851E082473569400D9F803 /* MinifigEditorView.swift */,
			);
			path = Details;
			sourceTree = "<group>";
		};
		B3D827E62573BF2500CAC606 /* Reusable */ = {
			isa = PBXGroup;
			children = (
				96D8A8392558A810008EED7D /* SorterFilterView.swift */,
				B3D827EA2573BF8B00CAC606 /* FirstSyncView.swift */,
				B3D827F92573D2F000CAC606 /* DisplayModeView.swift */,
				B3D828062573DA3B00CAC606 /* PastilView.swift */,
				B3D828092573F1C000CAC606 /* CellContextMenu.swift */,
				B3BA166227160C95001292CC /* SwipeActionsMenu.swift */,
				B3831BA3278F5FD9000301FC /* TextView.swift */,
				B3220B6227A0A8D00058F63F /* NotesView.swift */,
				B32A5D4C27BDB3C100DAF7F1 /* ThumbnailView.swift */,
				B32A5D4E27BDB78A00DAF7F1 /* LegoTitleView.swift */,
				B32A5D5027BDBA6900DAF7F1 /* LinkView.swift */,
				B32A5D5227BDD49C00DAF7F1 /* TitleView.swift */,
			);
			path = Reusable;
			sourceTree = "<group>";
		};
		B3DBB6B127B1EA7C00A66445 /* Extensions */ = {
			isa = PBXGroup;
			children = (
				B3DBB6B227B1EA9400A66445 /* URLSession+DataTaskProgressPublisher.swift */,
				B32A5D4827BDB0C300DAF7F1 /* String+Ext.swift */,
			);
			path = Extensions;
			sourceTree = "<group>";
		};
		EE8CF93B296A24EB00E71D0C /* BrickieTests */ = {
			isa = PBXGroup;
			children = (
				EE8CF93C296A24EB00E71D0C /* RouterTests.swift */,
			);
			path = BrickieTests;
			sourceTree = "<group>";
		};
		EE8CF945296A305900E71D0C /* Frameworks */ = {
			isa = PBXGroup;
			children = (
			);
			name = Frameworks;
			sourceTree = "<group>";
		};
/* End PBXGroup section */

/* Begin PBXNativeTarget section */
		96E78B77245CAC270032F4E3 /* Brickie */ = {
			isa = PBXNativeTarget;
			buildConfigurationList = 96E78B8C245CAC290032F4E3 /* Build configuration list for PBXNativeTarget "Brickie" */;
			buildPhases = (
				B3A0BB3E26B3705300A68341 /* Update Build Number */,
				96E78B74245CAC270032F4E3 /* Sources */,
				96E78B75245CAC270032F4E3 /* Frameworks */,
				96E78B76245CAC270032F4E3 /* Resources */,
			);
			buildRules = (
			);
			dependencies = (
			);
			name = Brickie;
			packageProductDependencies = (
				96E78BA3245CC7700032F4E3 /* KeychainSwift */,
				96851E022473389800D9F803 /* Reachability */,
				9694B58A24900E21008D0508 /* SDWebImageSwiftUI */,
			);
			productName = BrickSet;
			productReference = 96E78B78245CAC270032F4E3 /* Brickie.app */;
			productType = "com.apple.product-type.application";
		};
		EE8CF939296A24EB00E71D0C /* BrickieTests */ = {
			isa = PBXNativeTarget;
			buildConfigurationList = EE8CF940296A24EB00E71D0C /* Build configuration list for PBXNativeTarget "BrickieTests" */;
			buildPhases = (
				EE8CF936296A24EB00E71D0C /* Sources */,
				EE8CF937296A24EB00E71D0C /* Frameworks */,
				EE8CF938296A24EB00E71D0C /* Resources */,
			);
			buildRules = (
			);
			dependencies = (
				EE8CF93F296A24EB00E71D0C /* PBXTargetDependency */,
			);
			name = BrickieTests;
			packageProductDependencies = (
				EE8CF948296A310600E71D0C /* SDWebImageSwiftUI */,
			);
			productName = BrickieTests;
			productReference = EE8CF93A296A24EB00E71D0C /* BrickieTests.xctest */;
			productType = "com.apple.product-type.bundle.unit-test";
		};
/* End PBXNativeTarget section */

/* Begin PBXProject section */
		96E78B70245CAC270032F4E3 /* Project object */ = {
			isa = PBXProject;
			attributes = {
				LastSwiftUpdateCheck = 1400;
				LastUpgradeCheck = 1210;
				ORGANIZATIONNAME = Homework;
				TargetAttributes = {
					96E78B77245CAC270032F4E3 = {
						CreatedOnToolsVersion = 11.4.1;
					};
					EE8CF939296A24EB00E71D0C = {
						CreatedOnToolsVersion = 14.0;
						TestTargetID = 96E78B77245CAC270032F4E3;
					};
				};
			};
			buildConfigurationList = 96E78B73245CAC270032F4E3 /* Build configuration list for PBXProject "Brickie" */;
			compatibilityVersion = "Xcode 11.4";
			developmentRegion = en;
			hasScannedForEncodings = 0;
			knownRegions = (
				en,
				Base,
				fr,
			);
			mainGroup = 96E78B6F245CAC270032F4E3;
			packageReferences = (
				96E78BA2245CC7700032F4E3 /* XCRemoteSwiftPackageReference "keychain-swift" */,
				96851E012473389800D9F803 /* XCRemoteSwiftPackageReference "Reachability.swift" */,
				9694B58924900E21008D0508 /* XCRemoteSwiftPackageReference "SDWebImageSwiftUI" */,
			);
			productRefGroup = 96E78B79245CAC270032F4E3 /* Products */;
			projectDirPath = "";
			projectRoot = "";
			targets = (
				96E78B77245CAC270032F4E3 /* Brickie */,
				EE8CF939296A24EB00E71D0C /* BrickieTests */,
			);
		};
/* End PBXProject section */

/* Begin PBXResourcesBuildPhase section */
		96E78B76245CAC270032F4E3 /* Resources */ = {
			isa = PBXResourcesBuildPhase;
			buildActionMask = 2147483647;
			files = (
				B3900DD62784EDAD002D228A /* MPLUSRounded1c-Black.ttf in Resources */,
				967ED17F24608F9F004712DB /* Legothick.ttf in Resources */,
				964BA877246A1FFE00984DCC /* Localizable.strings in Resources */,
				96DE924E245F696700652E0E /* Colors.xcassets in Resources */,
				96E78B88245CAC290032F4E3 /* LaunchScreen.storyboard in Resources */,
				96E78B82245CAC290032F4E3 /* Assets.xcassets in Resources */,
			);
			runOnlyForDeploymentPostprocessing = 0;
		};
		EE8CF938296A24EB00E71D0C /* Resources */ = {
			isa = PBXResourcesBuildPhase;
			buildActionMask = 2147483647;
			files = (
			);
			runOnlyForDeploymentPostprocessing = 0;
		};
/* End PBXResourcesBuildPhase section */

/* Begin PBXShellScriptBuildPhase section */
		B3A0BB3E26B3705300A68341 /* Update Build Number */ = {
			isa = PBXShellScriptBuildPhase;
			alwaysOutOfDate = 1;
			buildActionMask = 2147483647;
			files = (
			);
			inputFileListPaths = (
			);
			inputPaths = (
			);
			name = "Update Build Number";
			outputFileListPaths = (
			);
			outputPaths = (
			);
			runOnlyForDeploymentPostprocessing = 0;
			shellPath = /bin/sh;
			shellScript = "#if [ \"${CONFIGURATION}\" = \"Release\" ]; then\n#  bundle exec fastlane build_update\n#fi\nif [ ${CONFIGURATION} == \"Release\" ]; then\n    buildNumber=$(git rev-list HEAD | wc -l | tr -d ' ')\n    /usr/libexec/PlistBuddy -c \"Set :CFBundleVersion $buildNumber\" \"${PROJECT_DIR}/${INFOPLIST_FILE}\"\nfi\n";
		};
/* End PBXShellScriptBuildPhase section */

/* Begin PBXSourcesBuildPhase section */
		96E78B74245CAC270032F4E3 /* Sources */ = {
			isa = PBXSourcesBuildPhase;
			buildActionMask = 2147483647;
			files = (
				96DE9253245F8A6800652E0E /* Blur.swift in Sources */,
				B3BA1661271603A8001292CC /* NakedList.swift in Sources */,
				B3D827DD2572ACF500CAC606 /* Enums.swift in Sources */,
				B32BA81027864FEB00F0A8AD /* RatingView.swift in Sources */,
				B361BEC527B3338200FD4A4A /* WelcomeItemView.swift in Sources */,
				96E78BBA245CEA1D0032F4E3 /* SettingsView.swift in Sources */,
				B3F456B727B1404C00E3BDFA /* WelcomeView.swift in Sources */,
				96DE9256245FA7BC00652E0E /* RoundedCorners.swift in Sources */,
				9624E38124718DC4002F68F7 /* EnvironmentValues.swift in Sources */,
				960FAD7D24677CAC0064B458 /* SafariView.swift in Sources */,
				96ED04D6246823DA00C3A8BA /* LegoMinifig.swift in Sources */,
				96E78BB2245CD79F0032F4E3 /* Logger.swift in Sources */,
				B3D827EF2573C4FE00CAC606 /* FigsView.swift in Sources */,
				B3831BA4278F5FD9000301FC /* TextView.swift in Sources */,
				B3D827EB2573BF8B00CAC606 /* FirstSyncView.swift in Sources */,
				96E78BA1245CC5AA0032F4E3 /* Configuration.swift in Sources */,
				9610E5C82479815F00E31B57 /* FullScreenImageView.swift in Sources */,
				B3D827E82573BF5800CAC606 /* SetsView.swift in Sources */,
				960FAD8024677F250064B458 /* PDFKitView.swift in Sources */,
				96E78BC2245D15220032F4E3 /* Secrets.swift in Sources */,
				96E78BAE245CCED40032F4E3 /* APIHelpers.swift in Sources */,
				96365E6F2468700900F318C3 /* DismissingKeyboardOnSwipe.swift in Sources */,
				D3109594277E405B001D7721 /* PreviewStore.swift in Sources */,
				96365E712468C5A500F318C3 /* BarButtonModifier.swift in Sources */,
				B3DBB6B327B1EA9400A66445 /* URLSession+DataTaskProgressPublisher.swift in Sources */,
				96DE9247245F3DD800652E0E /* SetDetailView.swift in Sources */,
				96851E0724734D3A00D9F803 /* MinifigDetailView.swift in Sources */,
				96E78B98245CB1120032F4E3 /* RoundedButtonStyle.swift in Sources */,
				9624E3912471F904002F68F7 /* MinifigListCell.swift in Sources */,
				9624E38F2471F79B002F68F7 /* RoundedText.swift in Sources */,
				B32BA8122786601100F0A8AD /* LegoSet+Subclass.swift in Sources */,
				961FC1BD2558770500434E5D /* User.swift in Sources */,
				B3B580F6278F784300D543B7 /* MinifigNote.swift in Sources */,
				96DE924C245F695100652E0E /* Assets.swift in Sources */,
				B3BA166327160C95001292CC /* SwipeActionsMenu.swift in Sources */,
				96851E092473569400D9F803 /* MinifigEditorView.swift in Sources */,
				B3D827FA2573D2F000CAC606 /* DisplayModeView.swift in Sources */,
				96DE9245245F34AA00652E0E /* Store.swift in Sources */,
				B3220B6327A0A8D00058F63F /* NotesView.swift in Sources */,
				9624E38724719B17002F68F7 /* DataLoader.swift in Sources */,
				96E78BBE245CF4BB0032F4E3 /* LegoSet.swift in Sources */,
				B32A5D5527BDD68400DAF7F1 /* SetAddtionnalImagesView.swift in Sources */,
				B3D828072573DA3B00CAC606 /* PastilView.swift in Sources */,
				964BA87F246A34D700984DCC /* Router.swift in Sources */,
				B32A5D4D27BDB3C100DAF7F1 /* ThumbnailView.swift in Sources */,
				B32A5D4F27BDB78A00DAF7F1 /* LegoTitleView.swift in Sources */,
				9624E38324718DC4002F68F7 /* Cache.swift in Sources */,
				96EBF9252551E384004C1786 /* App.swift in Sources */,
				9694B588248FE881008D0508 /* CodeScanner.swift in Sources */,
				96351F57248BC09700372A03 /* SetsFilteredView.swift in Sources */,
				B3D828042573D97500CAC606 /* FigsGridCell.swift in Sources */,
				960FAD59246729EE0064B458 /* SetEditorView.swift in Sources */,
				9624E3892471E66B002F68F7 /* Lego.swift in Sources */,
				B32A5D5127BDBA6900DAF7F1 /* LinkView.swift in Sources */,
				B36981C626AF158C00046AA3 /* APIIssueView.swift in Sources */,
				96E78BB4245CE61A0032F4E3 /* AppRoot.swift in Sources */,
				96E78B95245CADFA0032F4E3 /* LoginView.swift in Sources */,
				B32A5D4927BDB0C300DAF7F1 /* String+Ext.swift in Sources */,
				960FAD53246709C50064B458 /* BlurredImageView.swift in Sources */,
				967ED17B24607BD4004712DB /* SetListCell.swift in Sources */,
				9624E38B2471F2D1002F68F7 /* SetsListView.swift in Sources */,
				B3D8280A2573F1C000CAC606 /* CellContextMenu.swift in Sources */,
				96DE924A245F62FF00652E0E /* RoundedShadowMod.swift in Sources */,
				96CD88742490F2C100343CB6 /* MinifigFilteredView.swift in Sources */,
				960FAD8224677FD70064B458 /* PDFView.swift in Sources */,
				9624E38D2471F3B5002F68F7 /* FigsListView.swift in Sources */,
				96D8A83A2558A810008EED7D /* SorterFilterView.swift in Sources */,
				B3900DDA2784FFA9002D228A /* LegoTheme.swift in Sources */,
				EE8CF944296A281A00E71D0C /* SecretsConfiguration.swift in Sources */,
				B3A0BB3C26B2C9CF00A68341 /* Static.swift in Sources */,
				B32A5D5327BDD49C00DAF7F1 /* TitleView.swift in Sources */,
			);
			runOnlyForDeploymentPostprocessing = 0;
		};
		EE8CF936296A24EB00E71D0C /* Sources */ = {
			isa = PBXSourcesBuildPhase;
			buildActionMask = 2147483647;
			files = (
				EE8CF93D296A24EB00E71D0C /* RouterTests.swift in Sources */,
			);
			runOnlyForDeploymentPostprocessing = 0;
		};
/* End PBXSourcesBuildPhase section */

/* Begin PBXTargetDependency section */
		EE8CF93F296A24EB00E71D0C /* PBXTargetDependency */ = {
			isa = PBXTargetDependency;
			target = 96E78B77245CAC270032F4E3 /* Brickie */;
			targetProxy = EE8CF93E296A24EB00E71D0C /* PBXContainerItemProxy */;
		};
/* End PBXTargetDependency section */

/* Begin PBXVariantGroup section */
		964BA879246A1FFE00984DCC /* Localizable.strings */ = {
			isa = PBXVariantGroup;
			children = (
				964BA878246A1FFE00984DCC /* en */,
				964BA87A246A200700984DCC /* fr */,
			);
			name = Localizable.strings;
			sourceTree = "<group>";
		};
		96E78B86245CAC290032F4E3 /* LaunchScreen.storyboard */ = {
			isa = PBXVariantGroup;
			children = (
				96E78B87245CAC290032F4E3 /* Base */,
			);
			name = LaunchScreen.storyboard;
			sourceTree = "<group>";
		};
/* End PBXVariantGroup section */

/* Begin XCBuildConfiguration section */
		96E78B8A245CAC290032F4E3 /* Debug */ = {
			isa = XCBuildConfiguration;
			buildSettings = {
				ALWAYS_SEARCH_USER_PATHS = NO;
				CLANG_ANALYZER_LOCALIZABILITY_NONLOCALIZED = YES;
				CLANG_ANALYZER_NONNULL = YES;
				CLANG_ANALYZER_NUMBER_OBJECT_CONVERSION = YES_AGGRESSIVE;
				CLANG_CXX_LANGUAGE_STANDARD = "gnu++14";
				CLANG_CXX_LIBRARY = "libc++";
				CLANG_ENABLE_MODULES = YES;
				CLANG_ENABLE_OBJC_ARC = YES;
				CLANG_ENABLE_OBJC_WEAK = YES;
				CLANG_WARN_BLOCK_CAPTURE_AUTORELEASING = YES;
				CLANG_WARN_BOOL_CONVERSION = YES;
				CLANG_WARN_COMMA = YES;
				CLANG_WARN_CONSTANT_CONVERSION = YES;
				CLANG_WARN_DEPRECATED_OBJC_IMPLEMENTATIONS = YES;
				CLANG_WARN_DIRECT_OBJC_ISA_USAGE = YES_ERROR;
				CLANG_WARN_DOCUMENTATION_COMMENTS = YES;
				CLANG_WARN_EMPTY_BODY = YES;
				CLANG_WARN_ENUM_CONVERSION = YES;
				CLANG_WARN_INFINITE_RECURSION = YES;
				CLANG_WARN_INT_CONVERSION = YES;
				CLANG_WARN_NON_LITERAL_NULL_CONVERSION = YES;
				CLANG_WARN_OBJC_IMPLICIT_RETAIN_SELF = YES;
				CLANG_WARN_OBJC_LITERAL_CONVERSION = YES;
				CLANG_WARN_OBJC_ROOT_CLASS = YES_ERROR;
				CLANG_WARN_QUOTED_INCLUDE_IN_FRAMEWORK_HEADER = YES;
				CLANG_WARN_RANGE_LOOP_ANALYSIS = YES;
				CLANG_WARN_STRICT_PROTOTYPES = YES;
				CLANG_WARN_SUSPICIOUS_MOVE = YES;
				CLANG_WARN_UNGUARDED_AVAILABILITY = YES_AGGRESSIVE;
				CLANG_WARN_UNREACHABLE_CODE = YES;
				CLANG_WARN__DUPLICATE_METHOD_MATCH = YES;
				COPY_PHASE_STRIP = NO;
				DEBUG_INFORMATION_FORMAT = dwarf;
				ENABLE_STRICT_OBJC_MSGSEND = YES;
				ENABLE_TESTABILITY = YES;
				GCC_C_LANGUAGE_STANDARD = gnu11;
				GCC_DYNAMIC_NO_PIC = NO;
				GCC_NO_COMMON_BLOCKS = YES;
				GCC_OPTIMIZATION_LEVEL = 0;
				GCC_PREPROCESSOR_DEFINITIONS = (
					"DEBUG=1",
					"$(inherited)",
				);
				GCC_WARN_64_TO_32_BIT_CONVERSION = YES;
				GCC_WARN_ABOUT_RETURN_TYPE = YES_ERROR;
				GCC_WARN_UNDECLARED_SELECTOR = YES;
				GCC_WARN_UNINITIALIZED_AUTOS = YES_AGGRESSIVE;
				GCC_WARN_UNUSED_FUNCTION = YES;
				GCC_WARN_UNUSED_VARIABLE = YES;
				IPHONEOS_DEPLOYMENT_TARGET = 15.0;
				MTL_ENABLE_DEBUG_INFO = INCLUDE_SOURCE;
				MTL_FAST_MATH = YES;
				ONLY_ACTIVE_ARCH = YES;
				SDKROOT = iphoneos;
				SWIFT_ACTIVE_COMPILATION_CONDITIONS = DEBUG;
				SWIFT_OPTIMIZATION_LEVEL = "-Onone";
			};
			name = Debug;
		};
		96E78B8B245CAC290032F4E3 /* Release */ = {
			isa = XCBuildConfiguration;
			buildSettings = {
				ALWAYS_SEARCH_USER_PATHS = NO;
				CLANG_ANALYZER_LOCALIZABILITY_NONLOCALIZED = YES;
				CLANG_ANALYZER_NONNULL = YES;
				CLANG_ANALYZER_NUMBER_OBJECT_CONVERSION = YES_AGGRESSIVE;
				CLANG_CXX_LANGUAGE_STANDARD = "gnu++14";
				CLANG_CXX_LIBRARY = "libc++";
				CLANG_ENABLE_MODULES = YES;
				CLANG_ENABLE_OBJC_ARC = YES;
				CLANG_ENABLE_OBJC_WEAK = YES;
				CLANG_WARN_BLOCK_CAPTURE_AUTORELEASING = YES;
				CLANG_WARN_BOOL_CONVERSION = YES;
				CLANG_WARN_COMMA = YES;
				CLANG_WARN_CONSTANT_CONVERSION = YES;
				CLANG_WARN_DEPRECATED_OBJC_IMPLEMENTATIONS = YES;
				CLANG_WARN_DIRECT_OBJC_ISA_USAGE = YES_ERROR;
				CLANG_WARN_DOCUMENTATION_COMMENTS = YES;
				CLANG_WARN_EMPTY_BODY = YES;
				CLANG_WARN_ENUM_CONVERSION = YES;
				CLANG_WARN_INFINITE_RECURSION = YES;
				CLANG_WARN_INT_CONVERSION = YES;
				CLANG_WARN_NON_LITERAL_NULL_CONVERSION = YES;
				CLANG_WARN_OBJC_IMPLICIT_RETAIN_SELF = YES;
				CLANG_WARN_OBJC_LITERAL_CONVERSION = YES;
				CLANG_WARN_OBJC_ROOT_CLASS = YES_ERROR;
				CLANG_WARN_QUOTED_INCLUDE_IN_FRAMEWORK_HEADER = YES;
				CLANG_WARN_RANGE_LOOP_ANALYSIS = YES;
				CLANG_WARN_STRICT_PROTOTYPES = YES;
				CLANG_WARN_SUSPICIOUS_MOVE = YES;
				CLANG_WARN_UNGUARDED_AVAILABILITY = YES_AGGRESSIVE;
				CLANG_WARN_UNREACHABLE_CODE = YES;
				CLANG_WARN__DUPLICATE_METHOD_MATCH = YES;
				COPY_PHASE_STRIP = NO;
				DEBUG_INFORMATION_FORMAT = "dwarf-with-dsym";
				ENABLE_NS_ASSERTIONS = NO;
				ENABLE_STRICT_OBJC_MSGSEND = YES;
				GCC_C_LANGUAGE_STANDARD = gnu11;
				GCC_NO_COMMON_BLOCKS = YES;
				GCC_WARN_64_TO_32_BIT_CONVERSION = YES;
				GCC_WARN_ABOUT_RETURN_TYPE = YES_ERROR;
				GCC_WARN_UNDECLARED_SELECTOR = YES;
				GCC_WARN_UNINITIALIZED_AUTOS = YES_AGGRESSIVE;
				GCC_WARN_UNUSED_FUNCTION = YES;
				GCC_WARN_UNUSED_VARIABLE = YES;
				IPHONEOS_DEPLOYMENT_TARGET = 15.0;
				MTL_ENABLE_DEBUG_INFO = NO;
				MTL_FAST_MATH = YES;
				SDKROOT = iphoneos;
				SWIFT_COMPILATION_MODE = wholemodule;
				SWIFT_OPTIMIZATION_LEVEL = "-O";
				VALIDATE_PRODUCT = YES;
			};
			name = Release;
		};
		96E78B8D245CAC290032F4E3 /* Debug */ = {
			isa = XCBuildConfiguration;
			baseConfigurationReference = D3A19DE3278799AD009959DC /* Debug.xcconfig */;
			buildSettings = {
				ASSETCATALOG_COMPILER_APPICON_NAME = AppIcon;
				CODE_SIGN_ENTITLEMENTS = sources/assets/BrickSet.entitlements;
				CODE_SIGN_IDENTITY = "iPhone Developer";
				CODE_SIGN_STYLE = Automatic;
				CURRENT_PROJECT_VERSION = 0;
				DEVELOPMENT_TEAM = Z22Q8S6MMK;
				ENABLE_PREVIEWS = YES;
				INFOPLIST_FILE = sources/assets/Info.plist;
				IPHONEOS_DEPLOYMENT_TARGET = 15.0;
				LD_RUNPATH_SEARCH_PATHS = (
					"$(inherited)",
					"@executable_path/Frameworks",
				);
				MARKETING_VERSION = 1.5.1;
				PRODUCT_BUNDLE_IDENTIFIER = family.homework.brickset;
				PRODUCT_MODULE_NAME = "$(PRODUCT_NAME:c99extidentifier)";
				PRODUCT_NAME = Brickie;
				PROVISIONING_PROFILE_SPECIFIER = "";
				"PROVISIONING_PROFILE_SPECIFIER[sdk=macosx*]" = "";
				SUPPORTS_MACCATALYST = NO;
				SWIFT_ACTIVE_COMPILATION_CONDITIONS = "$(inherited)";
				SWIFT_VERSION = 5.0;
				TARGETED_DEVICE_FAMILY = "1,2";
			};
			name = Debug;
		};
		96E78B8E245CAC290032F4E3 /* Release */ = {
			isa = XCBuildConfiguration;
			buildSettings = {
				ASSETCATALOG_COMPILER_APPICON_NAME = AppIcon;
				CODE_SIGN_ENTITLEMENTS = sources/assets/BrickSet.entitlements;
				CODE_SIGN_IDENTITY = "Apple Development";
				"CODE_SIGN_IDENTITY[sdk=macosx*]" = "Apple Development";
				CODE_SIGN_STYLE = Automatic;
				CURRENT_PROJECT_VERSION = 0;
				DEVELOPMENT_TEAM = Z22Q8S6MMK;
				ENABLE_PREVIEWS = YES;
				INFOPLIST_FILE = sources/assets/Info.plist;
				IPHONEOS_DEPLOYMENT_TARGET = 15.0;
				LD_RUNPATH_SEARCH_PATHS = (
					"$(inherited)",
					"@executable_path/Frameworks",
				);
				MARKETING_VERSION = 1.5.1;
				PRODUCT_BUNDLE_IDENTIFIER = family.homework.brickset;
				PRODUCT_NAME = Brickie;
				PROVISIONING_PROFILE_SPECIFIER = "";
				"PROVISIONING_PROFILE_SPECIFIER[sdk=macosx*]" = "";
				SUPPORTS_MACCATALYST = NO;
				SWIFT_VERSION = 5.0;
				TARGETED_DEVICE_FAMILY = "1,2";
			};
			name = Release;
		};
		EE8CF941296A24EB00E71D0C /* Debug */ = {
			isa = XCBuildConfiguration;
			buildSettings = {
				BUNDLE_LOADER = "$(TEST_HOST)";
				CLANG_CXX_LANGUAGE_STANDARD = "gnu++20";
				CODE_SIGN_STYLE = Automatic;
				CURRENT_PROJECT_VERSION = 1;
				DEVELOPMENT_TEAM = 9NM4DLTS84;
				GENERATE_INFOPLIST_FILE = YES;
				IPHONEOS_DEPLOYMENT_TARGET = 15.0;
				MARKETING_VERSION = 1.0;
				PRODUCT_BUNDLE_IDENTIFIER = family.homework.BrickieTests;
				PRODUCT_NAME = "$(TARGET_NAME)";
				SWIFT_EMIT_LOC_STRINGS = NO;
				SWIFT_VERSION = 5.0;
				TARGETED_DEVICE_FAMILY = "1,2";
				TEST_HOST = "$(BUILT_PRODUCTS_DIR)/Brickie Debug.app/$(BUNDLE_EXECUTABLE_FOLDER_PATH)/Brickie Debug";
			};
			name = Debug;
		};
		EE8CF942296A24EB00E71D0C /* Release */ = {
			isa = XCBuildConfiguration;
			buildSettings = {
				BUNDLE_LOADER = "$(TEST_HOST)";
				CLANG_CXX_LANGUAGE_STANDARD = "gnu++20";
				CODE_SIGN_STYLE = Automatic;
				CURRENT_PROJECT_VERSION = 1;
				DEVELOPMENT_TEAM = 9NM4DLTS84;
				GENERATE_INFOPLIST_FILE = YES;
				IPHONEOS_DEPLOYMENT_TARGET = 15.0;
				MARKETING_VERSION = 1.0;
				PRODUCT_BUNDLE_IDENTIFIER = family.homework.BrickieTests;
				PRODUCT_NAME = "$(TARGET_NAME)";
				SWIFT_EMIT_LOC_STRINGS = NO;
				SWIFT_VERSION = 5.0;
				TARGETED_DEVICE_FAMILY = "1,2";
				TEST_HOST = "$(BUILT_PRODUCTS_DIR)/Brickie Debug.app/$(BUNDLE_EXECUTABLE_FOLDER_PATH)/Brickie Debug";
			};
			name = Release;
		};
/* End XCBuildConfiguration section */

/* Begin XCConfigurationList section */
		96E78B73245CAC270032F4E3 /* Build configuration list for PBXProject "Brickie" */ = {
			isa = XCConfigurationList;
			buildConfigurations = (
				96E78B8A245CAC290032F4E3 /* Debug */,
				96E78B8B245CAC290032F4E3 /* Release */,
			);
			defaultConfigurationIsVisible = 0;
			defaultConfigurationName = Release;
		};
		96E78B8C245CAC290032F4E3 /* Build configuration list for PBXNativeTarget "Brickie" */ = {
			isa = XCConfigurationList;
			buildConfigurations = (
				96E78B8D245CAC290032F4E3 /* Debug */,
				96E78B8E245CAC290032F4E3 /* Release */,
			);
			defaultConfigurationIsVisible = 0;
			defaultConfigurationName = Release;
		};
		EE8CF940296A24EB00E71D0C /* Build configuration list for PBXNativeTarget "BrickieTests" */ = {
			isa = XCConfigurationList;
			buildConfigurations = (
				EE8CF941296A24EB00E71D0C /* Debug */,
				EE8CF942296A24EB00E71D0C /* Release */,
			);
			defaultConfigurationIsVisible = 0;
			defaultConfigurationName = Release;
		};
/* End XCConfigurationList section */

/* Begin XCRemoteSwiftPackageReference section */
		96851E012473389800D9F803 /* XCRemoteSwiftPackageReference "Reachability.swift" */ = {
			isa = XCRemoteSwiftPackageReference;
			repositoryURL = "https://github.com/ashleymills/Reachability.swift.git";
			requirement = {
				kind = upToNextMajorVersion;
				minimumVersion = 5.0.0;
			};
		};
		9694B58924900E21008D0508 /* XCRemoteSwiftPackageReference "SDWebImageSwiftUI" */ = {
			isa = XCRemoteSwiftPackageReference;
			repositoryURL = "https://github.com/SDWebImage/SDWebImageSwiftUI";
			requirement = {
				kind = upToNextMajorVersion;
				minimumVersion = 2.0.0;
			};
		};
		96E78BA2245CC7700032F4E3 /* XCRemoteSwiftPackageReference "keychain-swift" */ = {
			isa = XCRemoteSwiftPackageReference;
			repositoryURL = "https://github.com/evgenyneu/keychain-swift.git";
			requirement = {
				kind = upToNextMajorVersion;
				minimumVersion = 20.0.0;
			};
		};
/* End XCRemoteSwiftPackageReference section */

/* Begin XCSwiftPackageProductDependency section */
		96851E022473389800D9F803 /* Reachability */ = {
			isa = XCSwiftPackageProductDependency;
			package = 96851E012473389800D9F803 /* XCRemoteSwiftPackageReference "Reachability.swift" */;
			productName = Reachability;
		};
		9694B58A24900E21008D0508 /* SDWebImageSwiftUI */ = {
			isa = XCSwiftPackageProductDependency;
			package = 9694B58924900E21008D0508 /* XCRemoteSwiftPackageReference "SDWebImageSwiftUI" */;
			productName = SDWebImageSwiftUI;
		};
		96E78BA3245CC7700032F4E3 /* KeychainSwift */ = {
			isa = XCSwiftPackageProductDependency;
			package = 96E78BA2245CC7700032F4E3 /* XCRemoteSwiftPackageReference "keychain-swift" */;
			productName = KeychainSwift;
		};
		EE8CF948296A310600E71D0C /* SDWebImageSwiftUI */ = {
			isa = XCSwiftPackageProductDependency;
			package = 9694B58924900E21008D0508 /* XCRemoteSwiftPackageReference "SDWebImageSwiftUI" */;
			productName = SDWebImageSwiftUI;
		};
/* End XCSwiftPackageProductDependency section */
	};
	rootObject = 96E78B70245CAC270032F4E3 /* Project object */;
}
